// !$*UTF8*$!
{
	archiveVersion = 1;
	classes = {
	};
	objectVersion = 56;
	objects = {

/* Begin PBXBuildFile section */
		B70145BF2AAF305F00BDD00B /* AppDelegate.swift in Sources */ = {isa = PBXBuildFile; fileRef = B70145BE2AAF305F00BDD00B /* AppDelegate.swift */; };
		B70145C12AAF305F00BDD00B /* SceneDelegate.swift in Sources */ = {isa = PBXBuildFile; fileRef = B70145C02AAF305F00BDD00B /* SceneDelegate.swift */; };
		B70145C92AAF305F00BDD00B /* DrinkWaterApp.xcdatamodeld in Sources */ = {isa = PBXBuildFile; fileRef = B70145C72AAF305F00BDD00B /* DrinkWaterApp.xcdatamodeld */; };
		B70145CB2AAF306000BDD00B /* Assets.xcassets in Resources */ = {isa = PBXBuildFile; fileRef = B70145CA2AAF306000BDD00B /* Assets.xcassets */; };
		B70145CE2AAF306000BDD00B /* LaunchScreen.storyboard in Resources */ = {isa = PBXBuildFile; fileRef = B70145CC2AAF306000BDD00B /* LaunchScreen.storyboard */; };
		B70145DB2AAF315600BDD00B /* HomeVC.swift in Sources */ = {isa = PBXBuildFile; fileRef = B70145D92AAF315600BDD00B /* HomeVC.swift */; };
		B70145DC2AAF315600BDD00B /* HomeVC.xib in Resources */ = {isa = PBXBuildFile; fileRef = B70145DA2AAF315600BDD00B /* HomeVC.xib */; };
		B70145DF2AAF3D8E00BDD00B /* HomeCell.swift in Sources */ = {isa = PBXBuildFile; fileRef = B70145DE2AAF3D8E00BDD00B /* HomeCell.swift */; };
		B70145E12AAF3DAE00BDD00B /* HomeCell.xib in Resources */ = {isa = PBXBuildFile; fileRef = B70145E02AAF3DAE00BDD00B /* HomeCell.xib */; };
		B70145E52AAF42E800BDD00B /* HomeVM.swift in Sources */ = {isa = PBXBuildFile; fileRef = B70145E42AAF42E800BDD00B /* HomeVM.swift */; };
		B70145E92AAF434500BDD00B /* OpeningVC.swift in Sources */ = {isa = PBXBuildFile; fileRef = B70145E72AAF434500BDD00B /* OpeningVC.swift */; };
		B70145EA2AAF434500BDD00B /* OpeningVC.xib in Resources */ = {isa = PBXBuildFile; fileRef = B70145E82AAF434500BDD00B /* OpeningVC.xib */; };
		B70145ED2AAF436600BDD00B /* OpeningCell.swift in Sources */ = {isa = PBXBuildFile; fileRef = B70145EC2AAF436600BDD00B /* OpeningCell.swift */; };
		B70145EF2AAF438000BDD00B /* OpeningCell.xib in Resources */ = {isa = PBXBuildFile; fileRef = B70145EE2AAF438000BDD00B /* OpeningCell.xib */; };
		B70145F32AAF50E000BDD00B /* SetupProfilePageVC.swift in Sources */ = {isa = PBXBuildFile; fileRef = B70145F12AAF50E000BDD00B /* SetupProfilePageVC.swift */; };
		B70145F42AAF50E000BDD00B /* SetupProfilePageVC.xib in Resources */ = {isa = PBXBuildFile; fileRef = B70145F22AAF50E000BDD00B /* SetupProfilePageVC.xib */; };
		B70145F72AAF511A00BDD00B /* SetupProfileCell.swift in Sources */ = {isa = PBXBuildFile; fileRef = B70145F62AAF511A00BDD00B /* SetupProfileCell.swift */; };
		B70145F92AAF513300BDD00B /* SetupProfileCell.xib in Resources */ = {isa = PBXBuildFile; fileRef = B70145F82AAF513300BDD00B /* SetupProfileCell.xib */; };
		B7657EDE2AB044AA004300CB /* CoreDataManager.swift in Sources */ = {isa = PBXBuildFile; fileRef = B7657EDD2AB044AA004300CB /* CoreDataManager.swift */; };
		B7657EE12AB044CC004300CB /* ProfileModel.swift in Sources */ = {isa = PBXBuildFile; fileRef = B7657EE02AB044CC004300CB /* ProfileModel.swift */; };
		B7657EE52AB04683004300CB /* ProfileVC.swift in Sources */ = {isa = PBXBuildFile; fileRef = B7657EE32AB04683004300CB /* ProfileVC.swift */; };
		B7657EE62AB04683004300CB /* ProfileVC.xib in Resources */ = {isa = PBXBuildFile; fileRef = B7657EE42AB04683004300CB /* ProfileVC.xib */; };
		B7657EE92AB055F6004300CB /* ProfileCell.swift in Sources */ = {isa = PBXBuildFile; fileRef = B7657EE82AB055F6004300CB /* ProfileCell.swift */; };
		B7657EEB2AB055FE004300CB /* ProfileCell.xib in Resources */ = {isa = PBXBuildFile; fileRef = B7657EEA2AB055FE004300CB /* ProfileCell.xib */; };
		B7657EEF2AB05822004300CB /* SettingsVC.swift in Sources */ = {isa = PBXBuildFile; fileRef = B7657EED2AB05822004300CB /* SettingsVC.swift */; };
		B7657EF02AB05822004300CB /* SettingsVC.xib in Resources */ = {isa = PBXBuildFile; fileRef = B7657EEE2AB05822004300CB /* SettingsVC.xib */; };
		B7EA9D8D2AB2F61A00727675 /* SettingsCell.swift in Sources */ = {isa = PBXBuildFile; fileRef = B7EA9D8C2AB2F61A00727675 /* SettingsCell.swift */; };
		B7EA9D8F2AB2F62500727675 /* SettingsCell.xib in Resources */ = {isa = PBXBuildFile; fileRef = B7EA9D8E2AB2F62500727675 /* SettingsCell.xib */; };
/* End PBXBuildFile section */

/* Begin PBXFileReference section */
		B70145BB2AAF305F00BDD00B /* DrinkWaterApp.app */ = {isa = PBXFileReference; explicitFileType = wrapper.application; includeInIndex = 0; path = DrinkWaterApp.app; sourceTree = BUILT_PRODUCTS_DIR; };
		B70145BE2AAF305F00BDD00B /* AppDelegate.swift */ = {isa = PBXFileReference; lastKnownFileType = sourcecode.swift; path = AppDelegate.swift; sourceTree = "<group>"; };
		B70145C02AAF305F00BDD00B /* SceneDelegate.swift */ = {isa = PBXFileReference; lastKnownFileType = sourcecode.swift; path = SceneDelegate.swift; sourceTree = "<group>"; };
		B70145C82AAF305F00BDD00B /* DrinkWaterApp.xcdatamodel */ = {isa = PBXFileReference; lastKnownFileType = wrapper.xcdatamodel; path = DrinkWaterApp.xcdatamodel; sourceTree = "<group>"; };
		B70145CA2AAF306000BDD00B /* Assets.xcassets */ = {isa = PBXFileReference; lastKnownFileType = folder.assetcatalog; path = Assets.xcassets; sourceTree = "<group>"; };
		B70145CD2AAF306000BDD00B /* Base */ = {isa = PBXFileReference; lastKnownFileType = file.storyboard; name = Base; path = Base.lproj/LaunchScreen.storyboard; sourceTree = "<group>"; };
		B70145CF2AAF306000BDD00B /* Info.plist */ = {isa = PBXFileReference; lastKnownFileType = text.plist.xml; path = Info.plist; sourceTree = "<group>"; };
		B70145D92AAF315600BDD00B /* HomeVC.swift */ = {isa = PBXFileReference; lastKnownFileType = sourcecode.swift; path = HomeVC.swift; sourceTree = "<group>"; };
		B70145DA2AAF315600BDD00B /* HomeVC.xib */ = {isa = PBXFileReference; lastKnownFileType = file.xib; path = HomeVC.xib; sourceTree = "<group>"; };
		B70145DE2AAF3D8E00BDD00B /* HomeCell.swift */ = {isa = PBXFileReference; lastKnownFileType = sourcecode.swift; path = HomeCell.swift; sourceTree = "<group>"; };
		B70145E02AAF3DAE00BDD00B /* HomeCell.xib */ = {isa = PBXFileReference; lastKnownFileType = file.xib; path = HomeCell.xib; sourceTree = "<group>"; };
		B70145E42AAF42E800BDD00B /* HomeVM.swift */ = {isa = PBXFileReference; lastKnownFileType = sourcecode.swift; path = HomeVM.swift; sourceTree = "<group>"; };
		B70145E72AAF434500BDD00B /* OpeningVC.swift */ = {isa = PBXFileReference; lastKnownFileType = sourcecode.swift; path = OpeningVC.swift; sourceTree = "<group>"; };
		B70145E82AAF434500BDD00B /* OpeningVC.xib */ = {isa = PBXFileReference; lastKnownFileType = file.xib; path = OpeningVC.xib; sourceTree = "<group>"; };
		B70145EC2AAF436600BDD00B /* OpeningCell.swift */ = {isa = PBXFileReference; lastKnownFileType = sourcecode.swift; path = OpeningCell.swift; sourceTree = "<group>"; };
		B70145EE2AAF438000BDD00B /* OpeningCell.xib */ = {isa = PBXFileReference; lastKnownFileType = file.xib; path = OpeningCell.xib; sourceTree = "<group>"; };
		B70145F12AAF50E000BDD00B /* SetupProfilePageVC.swift */ = {isa = PBXFileReference; lastKnownFileType = sourcecode.swift; path = SetupProfilePageVC.swift; sourceTree = "<group>"; };
		B70145F22AAF50E000BDD00B /* SetupProfilePageVC.xib */ = {isa = PBXFileReference; lastKnownFileType = file.xib; path = SetupProfilePageVC.xib; sourceTree = "<group>"; };
		B70145F62AAF511A00BDD00B /* SetupProfileCell.swift */ = {isa = PBXFileReference; lastKnownFileType = sourcecode.swift; path = SetupProfileCell.swift; sourceTree = "<group>"; };
		B70145F82AAF513300BDD00B /* SetupProfileCell.xib */ = {isa = PBXFileReference; lastKnownFileType = file.xib; path = SetupProfileCell.xib; sourceTree = "<group>"; };
		B7657EDD2AB044AA004300CB /* CoreDataManager.swift */ = {isa = PBXFileReference; lastKnownFileType = sourcecode.swift; path = CoreDataManager.swift; sourceTree = "<group>"; };
		B7657EE02AB044CC004300CB /* ProfileModel.swift */ = {isa = PBXFileReference; lastKnownFileType = sourcecode.swift; path = ProfileModel.swift; sourceTree = "<group>"; };
		B7657EE32AB04683004300CB /* ProfileVC.swift */ = {isa = PBXFileReference; lastKnownFileType = sourcecode.swift; path = ProfileVC.swift; sourceTree = "<group>"; };
		B7657EE42AB04683004300CB /* ProfileVC.xib */ = {isa = PBXFileReference; lastKnownFileType = file.xib; path = ProfileVC.xib; sourceTree = "<group>"; };
		B7657EE82AB055F6004300CB /* ProfileCell.swift */ = {isa = PBXFileReference; lastKnownFileType = sourcecode.swift; path = ProfileCell.swift; sourceTree = "<group>"; };
		B7657EEA2AB055FE004300CB /* ProfileCell.xib */ = {isa = PBXFileReference; lastKnownFileType = file.xib; path = ProfileCell.xib; sourceTree = "<group>"; };
		B7657EED2AB05822004300CB /* SettingsVC.swift */ = {isa = PBXFileReference; lastKnownFileType = sourcecode.swift; path = SettingsVC.swift; sourceTree = "<group>"; };
		B7657EEE2AB05822004300CB /* SettingsVC.xib */ = {isa = PBXFileReference; lastKnownFileType = file.xib; path = SettingsVC.xib; sourceTree = "<group>"; };
		B7EA9D8C2AB2F61A00727675 /* SettingsCell.swift */ = {isa = PBXFileReference; lastKnownFileType = sourcecode.swift; path = SettingsCell.swift; sourceTree = "<group>"; };
		B7EA9D8E2AB2F62500727675 /* SettingsCell.xib */ = {isa = PBXFileReference; lastKnownFileType = file.xib; path = SettingsCell.xib; sourceTree = "<group>"; };
/* End PBXFileReference section */

/* Begin PBXFrameworksBuildPhase section */
		B70145B82AAF305F00BDD00B /* Frameworks */ = {
			isa = PBXFrameworksBuildPhase;
			buildActionMask = 2147483647;
			files = (
			);
			runOnlyForDeploymentPostprocessing = 0;
		};
/* End PBXFrameworksBuildPhase section */

/* Begin PBXGroup section */
		B70145B22AAF305F00BDD00B = {
			isa = PBXGroup;
			children = (
				B70145BD2AAF305F00BDD00B /* DrinkWaterApp */,
				B70145BC2AAF305F00BDD00B /* Products */,
			);
			sourceTree = "<group>";
		};
		B70145BC2AAF305F00BDD00B /* Products */ = {
			isa = PBXGroup;
			children = (
				B70145BB2AAF305F00BDD00B /* DrinkWaterApp.app */,
			);
			name = Products;
			sourceTree = "<group>";
		};
		B70145BD2AAF305F00BDD00B /* DrinkWaterApp */ = {
			isa = PBXGroup;
			children = (
				B7657EDF2AB044BD004300CB /* Model */,
				B7657EDC2AB04497004300CB /* Utils */,
				B70145D72AAF312900BDD00B /* Assets */,
				B70145D62AAF312400BDD00B /* App */,
				B70145D52AAF311E00BDD00B /* UI */,
				B70145C72AAF305F00BDD00B /* DrinkWaterApp.xcdatamodeld */,
			);
			path = DrinkWaterApp;
			sourceTree = "<group>";
		};
		B70145D52AAF311E00BDD00B /* UI */ = {
			isa = PBXGroup;
			children = (
				B7657EEC2AB057D4004300CB /* Settings Page */,
				B7657EE22AB0466D004300CB /* Profile Page */,
				B70145E62AAF432300BDD00B /* Opening Page */,
				B70145D82AAF314900BDD00B /* Home Page */,
				B70145CC2AAF306000BDD00B /* LaunchScreen.storyboard */,
			);
			path = UI;
			sourceTree = "<group>";
		};
		B70145D62AAF312400BDD00B /* App */ = {
			isa = PBXGroup;
			children = (
				B70145CF2AAF306000BDD00B /* Info.plist */,
				B70145BE2AAF305F00BDD00B /* AppDelegate.swift */,
				B70145C02AAF305F00BDD00B /* SceneDelegate.swift */,
			);
			path = App;
			sourceTree = "<group>";
		};
		B70145D72AAF312900BDD00B /* Assets */ = {
			isa = PBXGroup;
			children = (
				B70145CA2AAF306000BDD00B /* Assets.xcassets */,
			);
			path = Assets;
			sourceTree = "<group>";
		};
		B70145D82AAF314900BDD00B /* Home Page */ = {
			isa = PBXGroup;
			children = (
				B70145DD2AAF3D8400BDD00B /* Cell */,
				B70145D92AAF315600BDD00B /* HomeVC.swift */,
				B70145DA2AAF315600BDD00B /* HomeVC.xib */,
				B70145E42AAF42E800BDD00B /* HomeVM.swift */,
			);
			path = "Home Page";
			sourceTree = "<group>";
		};
		B70145DD2AAF3D8400BDD00B /* Cell */ = {
			isa = PBXGroup;
			children = (
				B70145DE2AAF3D8E00BDD00B /* HomeCell.swift */,
				B70145E02AAF3DAE00BDD00B /* HomeCell.xib */,
			);
			path = Cell;
			sourceTree = "<group>";
		};
		B70145E62AAF432300BDD00B /* Opening Page */ = {
			isa = PBXGroup;
			children = (
				B70145F02AAF509D00BDD00B /* Second Page */,
				B70145EB2AAF435A00BDD00B /* Cell */,
				B70145E72AAF434500BDD00B /* OpeningVC.swift */,
				B70145E82AAF434500BDD00B /* OpeningVC.xib */,
			);
			path = "Opening Page";
			sourceTree = "<group>";
		};
		B70145EB2AAF435A00BDD00B /* Cell */ = {
			isa = PBXGroup;
			children = (
				B70145EC2AAF436600BDD00B /* OpeningCell.swift */,
				B70145EE2AAF438000BDD00B /* OpeningCell.xib */,
			);
			path = Cell;
			sourceTree = "<group>";
		};
		B70145F02AAF509D00BDD00B /* Second Page */ = {
			isa = PBXGroup;
			children = (
				B70145F52AAF510C00BDD00B /* Cell */,
				B70145F12AAF50E000BDD00B /* SetupProfilePageVC.swift */,
				B70145F22AAF50E000BDD00B /* SetupProfilePageVC.xib */,
			);
			path = "Second Page";
			sourceTree = "<group>";
		};
		B70145F52AAF510C00BDD00B /* Cell */ = {
			isa = PBXGroup;
			children = (
				B70145F62AAF511A00BDD00B /* SetupProfileCell.swift */,
				B70145F82AAF513300BDD00B /* SetupProfileCell.xib */,
			);
			path = Cell;
			sourceTree = "<group>";
		};
		B7657EDC2AB04497004300CB /* Utils */ = {
			isa = PBXGroup;
			children = (
				B7657EDD2AB044AA004300CB /* CoreDataManager.swift */,
			);
			path = Utils;
			sourceTree = "<group>";
		};
		B7657EDF2AB044BD004300CB /* Model */ = {
			isa = PBXGroup;
			children = (
				B7657EE02AB044CC004300CB /* ProfileModel.swift */,
			);
			path = Model;
			sourceTree = "<group>";
		};
		B7657EE22AB0466D004300CB /* Profile Page */ = {
			isa = PBXGroup;
			children = (
				B7657EE72AB055E7004300CB /* Cell */,
				B7657EE32AB04683004300CB /* ProfileVC.swift */,
				B7657EE42AB04683004300CB /* ProfileVC.xib */,
			);
			path = "Profile Page";
			sourceTree = "<group>";
		};
		B7657EE72AB055E7004300CB /* Cell */ = {
			isa = PBXGroup;
			children = (
				B7657EE82AB055F6004300CB /* ProfileCell.swift */,
				B7657EEA2AB055FE004300CB /* ProfileCell.xib */,
			);
			path = Cell;
			sourceTree = "<group>";
		};
		B7657EEC2AB057D4004300CB /* Settings Page */ = {
			isa = PBXGroup;
			children = (
				B7657EF12AB0586A004300CB /* Cell */,
				B7657EED2AB05822004300CB /* SettingsVC.swift */,
				B7657EEE2AB05822004300CB /* SettingsVC.xib */,
			);
			path = "Settings Page";
			sourceTree = "<group>";
		};
		B7657EF12AB0586A004300CB /* Cell */ = {
			isa = PBXGroup;
			children = (
				B7EA9D8C2AB2F61A00727675 /* SettingsCell.swift */,
				B7EA9D8E2AB2F62500727675 /* SettingsCell.xib */,
			);
			path = Cell;
			sourceTree = "<group>";
		};
/* End PBXGroup section */

/* Begin PBXNativeTarget section */
		B70145BA2AAF305F00BDD00B /* DrinkWaterApp */ = {
			isa = PBXNativeTarget;
			buildConfigurationList = B70145D22AAF306000BDD00B /* Build configuration list for PBXNativeTarget "DrinkWaterApp" */;
			buildPhases = (
				B70145B72AAF305F00BDD00B /* Sources */,
				B70145B82AAF305F00BDD00B /* Frameworks */,
				B70145B92AAF305F00BDD00B /* Resources */,
			);
			buildRules = (
			);
			dependencies = (
			);
			name = DrinkWaterApp;
			productName = DrinkWaterApp;
			productReference = B70145BB2AAF305F00BDD00B /* DrinkWaterApp.app */;
			productType = "com.apple.product-type.application";
		};
/* End PBXNativeTarget section */

/* Begin PBXProject section */
		B70145B32AAF305F00BDD00B /* Project object */ = {
			isa = PBXProject;
			attributes = {
				BuildIndependentTargetsInParallel = 1;
				LastSwiftUpdateCheck = 1430;
				LastUpgradeCheck = 1430;
				TargetAttributes = {
					B70145BA2AAF305F00BDD00B = {
						CreatedOnToolsVersion = 14.3.1;
					};
				};
			};
			buildConfigurationList = B70145B62AAF305F00BDD00B /* Build configuration list for PBXProject "DrinkWaterApp" */;
			compatibilityVersion = "Xcode 14.0";
			developmentRegion = en;
			hasScannedForEncodings = 0;
			knownRegions = (
				en,
				Base,
			);
			mainGroup = B70145B22AAF305F00BDD00B;
			productRefGroup = B70145BC2AAF305F00BDD00B /* Products */;
			projectDirPath = "";
			projectRoot = "";
			targets = (
				B70145BA2AAF305F00BDD00B /* DrinkWaterApp */,
			);
		};
/* End PBXProject section */

/* Begin PBXResourcesBuildPhase section */
		B70145B92AAF305F00BDD00B /* Resources */ = {
			isa = PBXResourcesBuildPhase;
			buildActionMask = 2147483647;
			files = (
				B70145EA2AAF434500BDD00B /* OpeningVC.xib in Resources */,
				B7657EE62AB04683004300CB /* ProfileVC.xib in Resources */,
				B70145CE2AAF306000BDD00B /* LaunchScreen.storyboard in Resources */,
				B70145F42AAF50E000BDD00B /* SetupProfilePageVC.xib in Resources */,
				B7657EF02AB05822004300CB /* SettingsVC.xib in Resources */,
				B70145EF2AAF438000BDD00B /* OpeningCell.xib in Resources */,
				B7EA9D8F2AB2F62500727675 /* SettingsCell.xib in Resources */,
				B70145DC2AAF315600BDD00B /* HomeVC.xib in Resources */,
				B70145E12AAF3DAE00BDD00B /* HomeCell.xib in Resources */,
				B70145CB2AAF306000BDD00B /* Assets.xcassets in Resources */,
				B70145F92AAF513300BDD00B /* SetupProfileCell.xib in Resources */,
				B7657EEB2AB055FE004300CB /* ProfileCell.xib in Resources */,
			);
			runOnlyForDeploymentPostprocessing = 0;
		};
/* End PBXResourcesBuildPhase section */

/* Begin PBXSourcesBuildPhase section */
		B70145B72AAF305F00BDD00B /* Sources */ = {
			isa = PBXSourcesBuildPhase;
			buildActionMask = 2147483647;
			files = (
				B70145BF2AAF305F00BDD00B /* AppDelegate.swift in Sources */,
				B70145DB2AAF315600BDD00B /* HomeVC.swift in Sources */,
				B70145C92AAF305F00BDD00B /* DrinkWaterApp.xcdatamodeld in Sources */,
				B7657EE12AB044CC004300CB /* ProfileModel.swift in Sources */,
				B70145E52AAF42E800BDD00B /* HomeVM.swift in Sources */,
				B70145ED2AAF436600BDD00B /* OpeningCell.swift in Sources */,
				B70145F72AAF511A00BDD00B /* SetupProfileCell.swift in Sources */,
				B70145C12AAF305F00BDD00B /* SceneDelegate.swift in Sources */,
				B7657EE52AB04683004300CB /* ProfileVC.swift in Sources */,
				B70145E92AAF434500BDD00B /* OpeningVC.swift in Sources */,
				B70145DF2AAF3D8E00BDD00B /* HomeCell.swift in Sources */,
				B70145F32AAF50E000BDD00B /* SetupProfilePageVC.swift in Sources */,
				B7657EDE2AB044AA004300CB /* CoreDataManager.swift in Sources */,
				B7657EE92AB055F6004300CB /* ProfileCell.swift in Sources */,
				B7EA9D8D2AB2F61A00727675 /* SettingsCell.swift in Sources */,
				B7657EEF2AB05822004300CB /* SettingsVC.swift in Sources */,
			);
			runOnlyForDeploymentPostprocessing = 0;
		};
/* End PBXSourcesBuildPhase section */

/* Begin PBXVariantGroup section */
		B70145CC2AAF306000BDD00B /* LaunchScreen.storyboard */ = {
			isa = PBXVariantGroup;
			children = (
				B70145CD2AAF306000BDD00B /* Base */,
			);
			name = LaunchScreen.storyboard;
			sourceTree = "<group>";
		};
/* End PBXVariantGroup section */

/* Begin XCBuildConfiguration section */
		B70145D02AAF306000BDD00B /* Debug */ = {
			isa = XCBuildConfiguration;
			buildSettings = {
				ALWAYS_SEARCH_USER_PATHS = NO;
				CLANG_ANALYZER_NONNULL = YES;
				CLANG_ANALYZER_NUMBER_OBJECT_CONVERSION = YES_AGGRESSIVE;
				CLANG_CXX_LANGUAGE_STANDARD = "gnu++20";
				CLANG_ENABLE_MODULES = YES;
				CLANG_ENABLE_OBJC_ARC = YES;
				CLANG_ENABLE_OBJC_WEAK = YES;
				CLANG_WARN_BLOCK_CAPTURE_AUTORELEASING = YES;
				CLANG_WARN_BOOL_CONVERSION = YES;
				CLANG_WARN_COMMA = YES;
				CLANG_WARN_CONSTANT_CONVERSION = YES;
				CLANG_WARN_DEPRECATED_OBJC_IMPLEMENTATIONS = YES;
				CLANG_WARN_DIRECT_OBJC_ISA_USAGE = YES_ERROR;
				CLANG_WARN_DOCUMENTATION_COMMENTS = YES;
				CLANG_WARN_EMPTY_BODY = YES;
				CLANG_WARN_ENUM_CONVERSION = YES;
				CLANG_WARN_INFINITE_RECURSION = YES;
				CLANG_WARN_INT_CONVERSION = YES;
				CLANG_WARN_NON_LITERAL_NULL_CONVERSION = YES;
				CLANG_WARN_OBJC_IMPLICIT_RETAIN_SELF = YES;
				CLANG_WARN_OBJC_LITERAL_CONVERSION = YES;
				CLANG_WARN_OBJC_ROOT_CLASS = YES_ERROR;
				CLANG_WARN_QUOTED_INCLUDE_IN_FRAMEWORK_HEADER = YES;
				CLANG_WARN_RANGE_LOOP_ANALYSIS = YES;
				CLANG_WARN_STRICT_PROTOTYPES = YES;
				CLANG_WARN_SUSPICIOUS_MOVE = YES;
				CLANG_WARN_UNGUARDED_AVAILABILITY = YES_AGGRESSIVE;
				CLANG_WARN_UNREACHABLE_CODE = YES;
				CLANG_WARN__DUPLICATE_METHOD_MATCH = YES;
				COPY_PHASE_STRIP = NO;
				DEBUG_INFORMATION_FORMAT = dwarf;
				ENABLE_STRICT_OBJC_MSGSEND = YES;
				ENABLE_TESTABILITY = YES;
				GCC_C_LANGUAGE_STANDARD = gnu11;
				GCC_DYNAMIC_NO_PIC = NO;
				GCC_NO_COMMON_BLOCKS = YES;
				GCC_OPTIMIZATION_LEVEL = 0;
				GCC_PREPROCESSOR_DEFINITIONS = (
					"DEBUG=1",
					"$(inherited)",
				);
				GCC_WARN_64_TO_32_BIT_CONVERSION = YES;
				GCC_WARN_ABOUT_RETURN_TYPE = YES_ERROR;
				GCC_WARN_UNDECLARED_SELECTOR = YES;
				GCC_WARN_UNINITIALIZED_AUTOS = YES_AGGRESSIVE;
				GCC_WARN_UNUSED_FUNCTION = YES;
				GCC_WARN_UNUSED_VARIABLE = YES;
				IPHONEOS_DEPLOYMENT_TARGET = 16.4;
				MTL_ENABLE_DEBUG_INFO = INCLUDE_SOURCE;
				MTL_FAST_MATH = YES;
				ONLY_ACTIVE_ARCH = YES;
				SDKROOT = iphoneos;
				SWIFT_ACTIVE_COMPILATION_CONDITIONS = DEBUG;
				SWIFT_OPTIMIZATION_LEVEL = "-Onone";
			};
			name = Debug;
		};
		B70145D12AAF306000BDD00B /* Release */ = {
			isa = XCBuildConfiguration;
			buildSettings = {
				ALWAYS_SEARCH_USER_PATHS = NO;
				CLANG_ANALYZER_NONNULL = YES;
				CLANG_ANALYZER_NUMBER_OBJECT_CONVERSION = YES_AGGRESSIVE;
				CLANG_CXX_LANGUAGE_STANDARD = "gnu++20";
				CLANG_ENABLE_MODULES = YES;
				CLANG_ENABLE_OBJC_ARC = YES;
				CLANG_ENABLE_OBJC_WEAK = YES;
				CLANG_WARN_BLOCK_CAPTURE_AUTORELEASING = YES;
				CLANG_WARN_BOOL_CONVERSION = YES;
				CLANG_WARN_COMMA = YES;
				CLANG_WARN_CONSTANT_CONVERSION = YES;
				CLANG_WARN_DEPRECATED_OBJC_IMPLEMENTATIONS = YES;
				CLANG_WARN_DIRECT_OBJC_ISA_USAGE = YES_ERROR;
				CLANG_WARN_DOCUMENTATION_COMMENTS = YES;
				CLANG_WARN_EMPTY_BODY = YES;
				CLANG_WARN_ENUM_CONVERSION = YES;
				CLANG_WARN_INFINITE_RECURSION = YES;
				CLANG_WARN_INT_CONVERSION = YES;
				CLANG_WARN_NON_LITERAL_NULL_CONVERSION = YES;
				CLANG_WARN_OBJC_IMPLICIT_RETAIN_SELF = YES;
				CLANG_WARN_OBJC_LITERAL_CONVERSION = YES;
				CLANG_WARN_OBJC_ROOT_CLASS = YES_ERROR;
				CLANG_WARN_QUOTED_INCLUDE_IN_FRAMEWORK_HEADER = YES;
				CLANG_WARN_RANGE_LOOP_ANALYSIS = YES;
				CLANG_WARN_STRICT_PROTOTYPES = YES;
				CLANG_WARN_SUSPICIOUS_MOVE = YES;
				CLANG_WARN_UNGUARDED_AVAILABILITY = YES_AGGRESSIVE;
				CLANG_WARN_UNREACHABLE_CODE = YES;
				CLANG_WARN__DUPLICATE_METHOD_MATCH = YES;
				COPY_PHASE_STRIP = NO;
				DEBUG_INFORMATION_FORMAT = "dwarf-with-dsym";
				ENABLE_NS_ASSERTIONS = NO;
				ENABLE_STRICT_OBJC_MSGSEND = YES;
				GCC_C_LANGUAGE_STANDARD = gnu11;
				GCC_NO_COMMON_BLOCKS = YES;
				GCC_WARN_64_TO_32_BIT_CONVERSION = YES;
				GCC_WARN_ABOUT_RETURN_TYPE = YES_ERROR;
				GCC_WARN_UNDECLARED_SELECTOR = YES;
				GCC_WARN_UNINITIALIZED_AUTOS = YES_AGGRESSIVE;
				GCC_WARN_UNUSED_FUNCTION = YES;
				GCC_WARN_UNUSED_VARIABLE = YES;
				IPHONEOS_DEPLOYMENT_TARGET = 16.4;
				MTL_ENABLE_DEBUG_INFO = NO;
				MTL_FAST_MATH = YES;
				SDKROOT = iphoneos;
				SWIFT_COMPILATION_MODE = wholemodule;
				SWIFT_OPTIMIZATION_LEVEL = "-O";
				VALIDATE_PRODUCT = YES;
			};
			name = Release;
		};
		B70145D32AAF306000BDD00B /* Debug */ = {
			isa = XCBuildConfiguration;
			buildSettings = {
				ASSETCATALOG_COMPILER_APPICON_NAME = AppIcon;
				ASSETCATALOG_COMPILER_GLOBAL_ACCENT_COLOR_NAME = AccentColor;
				CODE_SIGN_STYLE = Automatic;
				CURRENT_PROJECT_VERSION = 1;
				DEVELOPMENT_TEAM = L24C9CN3G6;
				GENERATE_INFOPLIST_FILE = YES;
				INFOPLIST_FILE = DrinkWaterApp/App/Info.plist;
				INFOPLIST_KEY_UIApplicationSupportsIndirectInputEvents = YES;
				INFOPLIST_KEY_UILaunchStoryboardName = LaunchScreen;
				INFOPLIST_KEY_UIMainStoryboardFile = "";
				INFOPLIST_KEY_UISupportedInterfaceOrientations_iPad = "UIInterfaceOrientationPortrait UIInterfaceOrientationPortraitUpsideDown UIInterfaceOrientationLandscapeLeft UIInterfaceOrientationLandscapeRight";
				INFOPLIST_KEY_UISupportedInterfaceOrientations_iPhone = "UIInterfaceOrientationPortrait UIInterfaceOrientationLandscapeLeft UIInterfaceOrientationLandscapeRight";
				LD_RUNPATH_SEARCH_PATHS = (
					"$(inherited)",
					"@executable_path/Frameworks",
				);
				MARKETING_VERSION = 1.0;
				PRODUCT_BUNDLE_IDENTIFIER = HakanAdanur.DrinkWaterApp;
				PRODUCT_NAME = "$(TARGET_NAME)";
				SWIFT_EMIT_LOC_STRINGS = YES;
				SWIFT_VERSION = 5.0;
				TARGETED_DEVICE_FAMILY = "1,2";
			};
			name = Debug;
		};
		B70145D42AAF306000BDD00B /* Release */ = {
			isa = XCBuildConfiguration;
			buildSettings = {
				ASSETCATALOG_COMPILER_APPICON_NAME = AppIcon;
				ASSETCATALOG_COMPILER_GLOBAL_ACCENT_COLOR_NAME = AccentColor;
				CODE_SIGN_STYLE = Automatic;
				CURRENT_PROJECT_VERSION = 1;
				DEVELOPMENT_TEAM = L24C9CN3G6;
				GENERATE_INFOPLIST_FILE = YES;
				INFOPLIST_FILE = DrinkWaterApp/App/Info.plist;
				INFOPLIST_KEY_UIApplicationSupportsIndirectInputEvents = YES;
				INFOPLIST_KEY_UILaunchStoryboardName = LaunchScreen;
				INFOPLIST_KEY_UIMainStoryboardFile = "";
				INFOPLIST_KEY_UISupportedInterfaceOrientations_iPad = "UIInterfaceOrientationPortrait UIInterfaceOrientationPortraitUpsideDown UIInterfaceOrientationLandscapeLeft UIInterfaceOrientationLandscapeRight";
				INFOPLIST_KEY_UISupportedInterfaceOrientations_iPhone = "UIInterfaceOrientationPortrait UIInterfaceOrientationLandscapeLeft UIInterfaceOrientationLandscapeRight";
				LD_RUNPATH_SEARCH_PATHS = (
					"$(inherited)",
					"@executable_path/Frameworks",
				);
				MARKETING_VERSION = 1.0;
				PRODUCT_BUNDLE_IDENTIFIER = HakanAdanur.DrinkWaterApp;
				PRODUCT_NAME = "$(TARGET_NAME)";
				SWIFT_EMIT_LOC_STRINGS = YES;
				SWIFT_VERSION = 5.0;
				TARGETED_DEVICE_FAMILY = "1,2";
			};
			name = Release;
		};
/* End XCBuildConfiguration section */

/* Begin XCConfigurationList section */
		B70145B62AAF305F00BDD00B /* Build configuration list for PBXProject "DrinkWaterApp" */ = {
			isa = XCConfigurationList;
			buildConfigurations = (
				B70145D02AAF306000BDD00B /* Debug */,
				B70145D12AAF306000BDD00B /* Release */,
			);
			defaultConfigurationIsVisible = 0;
			defaultConfigurationName = Release;
		};
		B70145D22AAF306000BDD00B /* Build configuration list for PBXNativeTarget "DrinkWaterApp" */ = {
			isa = XCConfigurationList;
			buildConfigurations = (
				B70145D32AAF306000BDD00B /* Debug */,
				B70145D42AAF306000BDD00B /* Release */,
			);
			defaultConfigurationIsVisible = 0;
			defaultConfigurationName = Release;
		};
/* End XCConfigurationList section */

/* Begin XCVersionGroup section */
		B70145C72AAF305F00BDD00B /* DrinkWaterApp.xcdatamodeld */ = {
			isa = XCVersionGroup;
			children = (
				B70145C82AAF305F00BDD00B /* DrinkWaterApp.xcdatamodel */,
			);
			currentVersion = B70145C82AAF305F00BDD00B /* DrinkWaterApp.xcdatamodel */;
			path = DrinkWaterApp.xcdatamodeld;
			sourceTree = "<group>";
			versionGroupType = wrapper.xcdatamodel;
		};
/* End XCVersionGroup section */
	};
	rootObject = B70145B32AAF305F00BDD00B /* Project object */;
}
