// !$*UTF8*$!
{
	archiveVersion = 1;
	classes = {
	};
	objectVersion = 56;
	objects = {

/* Begin PBXBuildFile section */
		B70145BF2AAF305F00BDD00B /* AppDelegate.swift in Sources */ = {isa = PBXBuildFile; fileRef = B70145BE2AAF305F00BDD00B /* AppDelegate.swift */; };
		B70145C12AAF305F00BDD00B /* SceneDelegate.swift in Sources */ = {isa = PBXBuildFile; fileRef = B70145C02AAF305F00BDD00B /* SceneDelegate.swift */; };
		B70145C92AAF305F00BDD00B /* DrinkWaterApp.xcdatamodeld in Sources */ = {isa = PBXBuildFile; fileRef = B70145C72AAF305F00BDD00B /* DrinkWaterApp.xcdatamodeld */; };
		B70145CB2AAF306000BDD00B /* Assets.xcassets in Resources */ = {isa = PBXBuildFile; fileRef = B70145CA2AAF306000BDD00B /* Assets.xcassets */; };
		B70145CE2AAF306000BDD00B /* LaunchScreen.storyboard in Resources */ = {isa = PBXBuildFile; fileRef = B70145CC2AAF306000BDD00B /* LaunchScreen.storyboard */; };
		B70145DB2AAF315600BDD00B /* HomeVC.swift in Sources */ = {isa = PBXBuildFile; fileRef = B70145D92AAF315600BDD00B /* HomeVC.swift */; };
		B70145DC2AAF315600BDD00B /* HomeVC.xib in Resources */ = {isa = PBXBuildFile; fileRef = B70145DA2AAF315600BDD00B /* HomeVC.xib */; };
		B70145DF2AAF3D8E00BDD00B /* HomeCell.swift in Sources */ = {isa = PBXBuildFile; fileRef = B70145DE2AAF3D8E00BDD00B /* HomeCell.swift */; };
		B70145E12AAF3DAE00BDD00B /* HomeCell.xib in Resources */ = {isa = PBXBuildFile; fileRef = B70145E02AAF3DAE00BDD00B /* HomeCell.xib */; };
		B70145E52AAF42E800BDD00B /* HomeVM.swift in Sources */ = {isa = PBXBuildFile; fileRef = B70145E42AAF42E800BDD00B /* HomeVM.swift */; };
		B70145EA2AAF434500BDD00B /* OpeningVC.xib in Resources */ = {isa = PBXBuildFile; fileRef = B70145E82AAF434500BDD00B /* OpeningVC.xib */; };
		B70145F32AAF50E000BDD00B /* FirstSetupVC.swift in Sources */ = {isa = PBXBuildFile; fileRef = B70145F12AAF50E000BDD00B /* FirstSetupVC.swift */; };
		B70145F42AAF50E000BDD00B /* FirstSetupVC.xib in Resources */ = {isa = PBXBuildFile; fileRef = B70145F22AAF50E000BDD00B /* FirstSetupVC.xib */; };
		B7047FC02AB4757D0032E5F5 /* Poppins-ExtraLight.ttf in Resources */ = {isa = PBXBuildFile; fileRef = B7047FAD2AB4757D0032E5F5 /* Poppins-ExtraLight.ttf */; };
		B7047FC12AB4757D0032E5F5 /* Poppins-ThinItalic.ttf in Resources */ = {isa = PBXBuildFile; fileRef = B7047FAE2AB4757D0032E5F5 /* Poppins-ThinItalic.ttf */; };
		B7047FC22AB4757D0032E5F5 /* Poppins-ExtraLightItalic.ttf in Resources */ = {isa = PBXBuildFile; fileRef = B7047FAF2AB4757D0032E5F5 /* Poppins-ExtraLightItalic.ttf */; };
		B7047FC32AB4757D0032E5F5 /* Poppins-BoldItalic.ttf in Resources */ = {isa = PBXBuildFile; fileRef = B7047FB02AB4757D0032E5F5 /* Poppins-BoldItalic.ttf */; };
		B7047FC42AB4757D0032E5F5 /* Poppins-Light.ttf in Resources */ = {isa = PBXBuildFile; fileRef = B7047FB12AB4757D0032E5F5 /* Poppins-Light.ttf */; };
		B7047FC52AB4757D0032E5F5 /* Poppins-Medium.ttf in Resources */ = {isa = PBXBuildFile; fileRef = B7047FB22AB4757D0032E5F5 /* Poppins-Medium.ttf */; };
		B7047FC62AB4757D0032E5F5 /* Poppins-SemiBoldItalic.ttf in Resources */ = {isa = PBXBuildFile; fileRef = B7047FB32AB4757D0032E5F5 /* Poppins-SemiBoldItalic.ttf */; };
		B7047FC72AB4757D0032E5F5 /* Poppins-ExtraBoldItalic.ttf in Resources */ = {isa = PBXBuildFile; fileRef = B7047FB42AB4757D0032E5F5 /* Poppins-ExtraBoldItalic.ttf */; };
		B7047FC82AB4757D0032E5F5 /* Poppins-ExtraBold.ttf in Resources */ = {isa = PBXBuildFile; fileRef = B7047FB52AB4757D0032E5F5 /* Poppins-ExtraBold.ttf */; };
		B7047FC92AB4757D0032E5F5 /* Poppins-BlackItalic.ttf in Resources */ = {isa = PBXBuildFile; fileRef = B7047FB62AB4757D0032E5F5 /* Poppins-BlackItalic.ttf */; };
		B7047FCA2AB4757D0032E5F5 /* OFL.txt in Resources */ = {isa = PBXBuildFile; fileRef = B7047FB72AB4757D0032E5F5 /* OFL.txt */; };
		B7047FCB2AB4757D0032E5F5 /* Poppins-Regular.ttf in Resources */ = {isa = PBXBuildFile; fileRef = B7047FB82AB4757D0032E5F5 /* Poppins-Regular.ttf */; };
		B7047FCC2AB4757D0032E5F5 /* Poppins-LightItalic.ttf in Resources */ = {isa = PBXBuildFile; fileRef = B7047FB92AB4757D0032E5F5 /* Poppins-LightItalic.ttf */; };
		B7047FCD2AB4757D0032E5F5 /* Poppins-Bold.ttf in Resources */ = {isa = PBXBuildFile; fileRef = B7047FBA2AB4757D0032E5F5 /* Poppins-Bold.ttf */; };
		B7047FCE2AB4757D0032E5F5 /* Poppins-Black.ttf in Resources */ = {isa = PBXBuildFile; fileRef = B7047FBB2AB4757D0032E5F5 /* Poppins-Black.ttf */; };
		B7047FCF2AB4757D0032E5F5 /* Poppins-Thin.ttf in Resources */ = {isa = PBXBuildFile; fileRef = B7047FBC2AB4757D0032E5F5 /* Poppins-Thin.ttf */; };
		B7047FD02AB4757D0032E5F5 /* Poppins-SemiBold.ttf in Resources */ = {isa = PBXBuildFile; fileRef = B7047FBD2AB4757D0032E5F5 /* Poppins-SemiBold.ttf */; };
		B7047FD12AB4757D0032E5F5 /* Poppins-Italic.ttf in Resources */ = {isa = PBXBuildFile; fileRef = B7047FBE2AB4757D0032E5F5 /* Poppins-Italic.ttf */; };
		B7047FD22AB4757D0032E5F5 /* Poppins-MediumItalic.ttf in Resources */ = {isa = PBXBuildFile; fileRef = B7047FBF2AB4757D0032E5F5 /* Poppins-MediumItalic.ttf */; };
		B7185BAD2ABC2883002E05BC /* TabBar.swift in Sources */ = {isa = PBXBuildFile; fileRef = B7185BAC2ABC2883002E05BC /* TabBar.swift */; };
		B7185BAF2ABC2B19002E05BC /* ProfileVM.swift in Sources */ = {isa = PBXBuildFile; fileRef = B7185BAE2ABC2B19002E05BC /* ProfileVM.swift */; };
		B7185BB12ABC2B24002E05BC /* ProfileVMProtocols.swift in Sources */ = {isa = PBXBuildFile; fileRef = B7185BB02ABC2B24002E05BC /* ProfileVMProtocols.swift */; };
		B7185BB72ABC7DFC002E05BC /* HomeVMProtocols.swift in Sources */ = {isa = PBXBuildFile; fileRef = B7185BB62ABC7DFC002E05BC /* HomeVMProtocols.swift */; };
		B73EF8FD2AB4837E0027A177 /* OpeningVC.swift in Sources */ = {isa = PBXBuildFile; fileRef = B73EF8FC2AB4837E0027A177 /* OpeningVC.swift */; };
		B73EF9012AB48F8F0027A177 /* SecondSetupVC.swift in Sources */ = {isa = PBXBuildFile; fileRef = B73EF8FF2AB48F8F0027A177 /* SecondSetupVC.swift */; };
		B73EF9022AB48F8F0027A177 /* SecondSetupVC.xib in Resources */ = {isa = PBXBuildFile; fileRef = B73EF9002AB48F8F0027A177 /* SecondSetupVC.xib */; };
		B73EF9072AB490F80027A177 /* LastSetupVC.xib in Resources */ = {isa = PBXBuildFile; fileRef = B73EF9052AB490F80027A177 /* LastSetupVC.xib */; };
		B73EF9092AB492CA0027A177 /* LastSetupVC.swift in Sources */ = {isa = PBXBuildFile; fileRef = B73EF9082AB492CA0027A177 /* LastSetupVC.swift */; };
		B74F22212AC059820054AD27 /* DailyWaterVC.swift in Sources */ = {isa = PBXBuildFile; fileRef = B74F221F2AC059820054AD27 /* DailyWaterVC.swift */; };
		B74F22222AC059820054AD27 /* DailyWaterVC.xib in Resources */ = {isa = PBXBuildFile; fileRef = B74F22202AC059820054AD27 /* DailyWaterVC.xib */; };
		B74F22262AC05C110054AD27 /* DailyWaterCell.swift in Sources */ = {isa = PBXBuildFile; fileRef = B74F22252AC05C110054AD27 /* DailyWaterCell.swift */; };
		B74F22282AC05C450054AD27 /* DailyWaterCell.xib in Resources */ = {isa = PBXBuildFile; fileRef = B74F22272AC05C450054AD27 /* DailyWaterCell.xib */; };
		B74F222A2AC05D6C0054AD27 /* DailyWaterVM.swift in Sources */ = {isa = PBXBuildFile; fileRef = B74F22292AC05D6C0054AD27 /* DailyWaterVM.swift */; };
		B74F222C2AC05D730054AD27 /* DailyWaterVMProtocols.swift in Sources */ = {isa = PBXBuildFile; fileRef = B74F222B2AC05D730054AD27 /* DailyWaterVMProtocols.swift */; };
		B7561F312AD5A111002A0166 /* Constants.swift in Sources */ = {isa = PBXBuildFile; fileRef = B7561F302AD5A111002A0166 /* Constants.swift */; };
		B7561F332AD5A230002A0166 /* SettingsManager.swift in Sources */ = {isa = PBXBuildFile; fileRef = B7561F322AD5A230002A0166 /* SettingsManager.swift */; };
		B7561F362AD5A2C7002A0166 /* SettingsVM.swift in Sources */ = {isa = PBXBuildFile; fileRef = B7561F352AD5A2C7002A0166 /* SettingsVM.swift */; };
		B758F1012AD6C0CB00894AF1 /* SettingsContentVC.swift in Sources */ = {isa = PBXBuildFile; fileRef = B758F0FF2AD6C0CB00894AF1 /* SettingsContentVC.swift */; };
		B758F1022AD6C0CB00894AF1 /* SettingsContentVC.xib in Resources */ = {isa = PBXBuildFile; fileRef = B758F1002AD6C0CB00894AF1 /* SettingsContentVC.xib */; };
		B758F1042AD6C19D00894AF1 /* SettingsContentVM.swift in Sources */ = {isa = PBXBuildFile; fileRef = B758F1032AD6C19D00894AF1 /* SettingsContentVM.swift */; };
		B7657EDE2AB044AA004300CB /* CoreDataManager.swift in Sources */ = {isa = PBXBuildFile; fileRef = B7657EDD2AB044AA004300CB /* CoreDataManager.swift */; };
		B7657EE12AB044CC004300CB /* User.swift in Sources */ = {isa = PBXBuildFile; fileRef = B7657EE02AB044CC004300CB /* User.swift */; };
		B7657EE52AB04683004300CB /* ProfileVC.swift in Sources */ = {isa = PBXBuildFile; fileRef = B7657EE32AB04683004300CB /* ProfileVC.swift */; };
		B7657EE62AB04683004300CB /* ProfileVC.xib in Resources */ = {isa = PBXBuildFile; fileRef = B7657EE42AB04683004300CB /* ProfileVC.xib */; };
		B7657EE92AB055F6004300CB /* ProfileCell.swift in Sources */ = {isa = PBXBuildFile; fileRef = B7657EE82AB055F6004300CB /* ProfileCell.swift */; };
		B7657EEB2AB055FE004300CB /* ProfileCell.xib in Resources */ = {isa = PBXBuildFile; fileRef = B7657EEA2AB055FE004300CB /* ProfileCell.xib */; };
		B7657EEF2AB05822004300CB /* SettingsVC.swift in Sources */ = {isa = PBXBuildFile; fileRef = B7657EED2AB05822004300CB /* SettingsVC.swift */; };
		B7657EF02AB05822004300CB /* SettingsVC.xib in Resources */ = {isa = PBXBuildFile; fileRef = B7657EEE2AB05822004300CB /* SettingsVC.xib */; };
		B765DC572AC4372300DE02D8 /* LoadingVC.swift in Sources */ = {isa = PBXBuildFile; fileRef = B765DC552AC4372300DE02D8 /* LoadingVC.swift */; };
		B765DC582AC4372300DE02D8 /* LoadingVC.xib in Resources */ = {isa = PBXBuildFile; fileRef = B765DC562AC4372300DE02D8 /* LoadingVC.xib */; };
		B78923492ABD765F00BCF581 /* Water.swift in Sources */ = {isa = PBXBuildFile; fileRef = B78923482ABD765F00BCF581 /* Water.swift */; };
		B797E41F2AC98015002ECC2D /* StatsVC.swift in Sources */ = {isa = PBXBuildFile; fileRef = B797E41D2AC98015002ECC2D /* StatsVC.swift */; };
		B797E4202AC98015002ECC2D /* StatsVC.xib in Resources */ = {isa = PBXBuildFile; fileRef = B797E41E2AC98015002ECC2D /* StatsVC.xib */; };
		B797E4232AC980D7002ECC2D /* StatsCell.swift in Sources */ = {isa = PBXBuildFile; fileRef = B797E4222AC980D7002ECC2D /* StatsCell.swift */; };
		B797E4252AC980F2002ECC2D /* StatsCell.xib in Resources */ = {isa = PBXBuildFile; fileRef = B797E4242AC980F2002ECC2D /* StatsCell.xib */; };
		B797E4282AC98146002ECC2D /* StatsVM.swift in Sources */ = {isa = PBXBuildFile; fileRef = B797E4272AC98146002ECC2D /* StatsVM.swift */; };
		B797E42A2AC9815A002ECC2D /* StatsVMProtocols.swift in Sources */ = {isa = PBXBuildFile; fileRef = B797E4292AC9815A002ECC2D /* StatsVMProtocols.swift */; };
		B7AA12D12ABAC6B8000A082A /* FirstSetupVM.swift in Sources */ = {isa = PBXBuildFile; fileRef = B7AA12D02ABAC6B8000A082A /* FirstSetupVM.swift */; };
		B7AA12D32ABACA02000A082A /* FirstSetupVMProtocols.swift in Sources */ = {isa = PBXBuildFile; fileRef = B7AA12D22ABACA02000A082A /* FirstSetupVMProtocols.swift */; };
		B7AA12D62ABAD886000A082A /* UIViewController + Extensions.swift in Sources */ = {isa = PBXBuildFile; fileRef = B7AA12D52ABAD886000A082A /* UIViewController + Extensions.swift */; };
		B7AA12D82ABAFD4A000A082A /* SecondSetupVM.swift in Sources */ = {isa = PBXBuildFile; fileRef = B7AA12D72ABAFD4A000A082A /* SecondSetupVM.swift */; };
		B7AA12DA2ABAFD92000A082A /* SecondSetupVMProtocols.swift in Sources */ = {isa = PBXBuildFile; fileRef = B7AA12D92ABAFD92000A082A /* SecondSetupVMProtocols.swift */; };
		B7AA12DC2ABB0294000A082A /* LastSetupVM.swift in Sources */ = {isa = PBXBuildFile; fileRef = B7AA12DB2ABB0294000A082A /* LastSetupVM.swift */; };
		B7AA12DE2ABB029D000A082A /* LastSetupVMProtocols.swift in Sources */ = {isa = PBXBuildFile; fileRef = B7AA12DD2ABB029D000A082A /* LastSetupVMProtocols.swift */; };
		B7EA9D8D2AB2F61A00727675 /* SettingsCell.swift in Sources */ = {isa = PBXBuildFile; fileRef = B7EA9D8C2AB2F61A00727675 /* SettingsCell.swift */; };
		B7EA9D8F2AB2F62500727675 /* SettingsCell.xib in Resources */ = {isa = PBXBuildFile; fileRef = B7EA9D8E2AB2F62500727675 /* SettingsCell.xib */; };
		B7FA19C22AC194AE00DD637F /* DailyWater.swift in Sources */ = {isa = PBXBuildFile; fileRef = B7FA19C12AC194AE00DD637F /* DailyWater.swift */; };
/* End PBXBuildFile section */

/* Begin PBXFileReference section */
		B70145BB2AAF305F00BDD00B /* DrinkWaterApp.app */ = {isa = PBXFileReference; explicitFileType = wrapper.application; includeInIndex = 0; path = DrinkWaterApp.app; sourceTree = BUILT_PRODUCTS_DIR; };
		B70145BE2AAF305F00BDD00B /* AppDelegate.swift */ = {isa = PBXFileReference; lastKnownFileType = sourcecode.swift; path = AppDelegate.swift; sourceTree = "<group>"; };
		B70145C02AAF305F00BDD00B /* SceneDelegate.swift */ = {isa = PBXFileReference; lastKnownFileType = sourcecode.swift; path = SceneDelegate.swift; sourceTree = "<group>"; };
		B70145C82AAF305F00BDD00B /* DrinkWaterApp.xcdatamodel */ = {isa = PBXFileReference; lastKnownFileType = wrapper.xcdatamodel; path = DrinkWaterApp.xcdatamodel; sourceTree = "<group>"; };
		B70145CA2AAF306000BDD00B /* Assets.xcassets */ = {isa = PBXFileReference; lastKnownFileType = folder.assetcatalog; path = Assets.xcassets; sourceTree = "<group>"; };
		B70145CD2AAF306000BDD00B /* Base */ = {isa = PBXFileReference; lastKnownFileType = file.storyboard; name = Base; path = Base.lproj/LaunchScreen.storyboard; sourceTree = "<group>"; };
		B70145CF2AAF306000BDD00B /* Info.plist */ = {isa = PBXFileReference; lastKnownFileType = text.plist.xml; path = Info.plist; sourceTree = "<group>"; };
		B70145D92AAF315600BDD00B /* HomeVC.swift */ = {isa = PBXFileReference; lastKnownFileType = sourcecode.swift; path = HomeVC.swift; sourceTree = "<group>"; };
		B70145DA2AAF315600BDD00B /* HomeVC.xib */ = {isa = PBXFileReference; lastKnownFileType = file.xib; path = HomeVC.xib; sourceTree = "<group>"; };
		B70145DE2AAF3D8E00BDD00B /* HomeCell.swift */ = {isa = PBXFileReference; lastKnownFileType = sourcecode.swift; path = HomeCell.swift; sourceTree = "<group>"; };
		B70145E02AAF3DAE00BDD00B /* HomeCell.xib */ = {isa = PBXFileReference; lastKnownFileType = file.xib; path = HomeCell.xib; sourceTree = "<group>"; };
		B70145E42AAF42E800BDD00B /* HomeVM.swift */ = {isa = PBXFileReference; lastKnownFileType = sourcecode.swift; path = HomeVM.swift; sourceTree = "<group>"; };
		B70145E82AAF434500BDD00B /* OpeningVC.xib */ = {isa = PBXFileReference; lastKnownFileType = file.xib; path = OpeningVC.xib; sourceTree = "<group>"; };
		B70145F12AAF50E000BDD00B /* FirstSetupVC.swift */ = {isa = PBXFileReference; lastKnownFileType = sourcecode.swift; path = FirstSetupVC.swift; sourceTree = "<group>"; };
		B70145F22AAF50E000BDD00B /* FirstSetupVC.xib */ = {isa = PBXFileReference; lastKnownFileType = file.xib; path = FirstSetupVC.xib; sourceTree = "<group>"; };
		B7047FAD2AB4757D0032E5F5 /* Poppins-ExtraLight.ttf */ = {isa = PBXFileReference; lastKnownFileType = file; path = "Poppins-ExtraLight.ttf"; sourceTree = "<group>"; };
		B7047FAE2AB4757D0032E5F5 /* Poppins-ThinItalic.ttf */ = {isa = PBXFileReference; lastKnownFileType = file; path = "Poppins-ThinItalic.ttf"; sourceTree = "<group>"; };
		B7047FAF2AB4757D0032E5F5 /* Poppins-ExtraLightItalic.ttf */ = {isa = PBXFileReference; lastKnownFileType = file; path = "Poppins-ExtraLightItalic.ttf"; sourceTree = "<group>"; };
		B7047FB02AB4757D0032E5F5 /* Poppins-BoldItalic.ttf */ = {isa = PBXFileReference; lastKnownFileType = file; path = "Poppins-BoldItalic.ttf"; sourceTree = "<group>"; };
		B7047FB12AB4757D0032E5F5 /* Poppins-Light.ttf */ = {isa = PBXFileReference; lastKnownFileType = file; path = "Poppins-Light.ttf"; sourceTree = "<group>"; };
		B7047FB22AB4757D0032E5F5 /* Poppins-Medium.ttf */ = {isa = PBXFileReference; lastKnownFileType = file; path = "Poppins-Medium.ttf"; sourceTree = "<group>"; };
		B7047FB32AB4757D0032E5F5 /* Poppins-SemiBoldItalic.ttf */ = {isa = PBXFileReference; lastKnownFileType = file; path = "Poppins-SemiBoldItalic.ttf"; sourceTree = "<group>"; };
		B7047FB42AB4757D0032E5F5 /* Poppins-ExtraBoldItalic.ttf */ = {isa = PBXFileReference; lastKnownFileType = file; path = "Poppins-ExtraBoldItalic.ttf"; sourceTree = "<group>"; };
		B7047FB52AB4757D0032E5F5 /* Poppins-ExtraBold.ttf */ = {isa = PBXFileReference; lastKnownFileType = file; path = "Poppins-ExtraBold.ttf"; sourceTree = "<group>"; };
		B7047FB62AB4757D0032E5F5 /* Poppins-BlackItalic.ttf */ = {isa = PBXFileReference; lastKnownFileType = file; path = "Poppins-BlackItalic.ttf"; sourceTree = "<group>"; };
		B7047FB72AB4757D0032E5F5 /* OFL.txt */ = {isa = PBXFileReference; fileEncoding = 4; lastKnownFileType = text; path = OFL.txt; sourceTree = "<group>"; };
		B7047FB82AB4757D0032E5F5 /* Poppins-Regular.ttf */ = {isa = PBXFileReference; lastKnownFileType = file; path = "Poppins-Regular.ttf"; sourceTree = "<group>"; };
		B7047FB92AB4757D0032E5F5 /* Poppins-LightItalic.ttf */ = {isa = PBXFileReference; lastKnownFileType = file; path = "Poppins-LightItalic.ttf"; sourceTree = "<group>"; };
		B7047FBA2AB4757D0032E5F5 /* Poppins-Bold.ttf */ = {isa = PBXFileReference; lastKnownFileType = file; path = "Poppins-Bold.ttf"; sourceTree = "<group>"; };
		B7047FBB2AB4757D0032E5F5 /* Poppins-Black.ttf */ = {isa = PBXFileReference; lastKnownFileType = file; path = "Poppins-Black.ttf"; sourceTree = "<group>"; };
		B7047FBC2AB4757D0032E5F5 /* Poppins-Thin.ttf */ = {isa = PBXFileReference; lastKnownFileType = file; path = "Poppins-Thin.ttf"; sourceTree = "<group>"; };
		B7047FBD2AB4757D0032E5F5 /* Poppins-SemiBold.ttf */ = {isa = PBXFileReference; lastKnownFileType = file; path = "Poppins-SemiBold.ttf"; sourceTree = "<group>"; };
		B7047FBE2AB4757D0032E5F5 /* Poppins-Italic.ttf */ = {isa = PBXFileReference; lastKnownFileType = file; path = "Poppins-Italic.ttf"; sourceTree = "<group>"; };
		B7047FBF2AB4757D0032E5F5 /* Poppins-MediumItalic.ttf */ = {isa = PBXFileReference; lastKnownFileType = file; path = "Poppins-MediumItalic.ttf"; sourceTree = "<group>"; };
		B7185BAC2ABC2883002E05BC /* TabBar.swift */ = {isa = PBXFileReference; lastKnownFileType = sourcecode.swift; path = TabBar.swift; sourceTree = "<group>"; };
		B7185BAE2ABC2B19002E05BC /* ProfileVM.swift */ = {isa = PBXFileReference; lastKnownFileType = sourcecode.swift; path = ProfileVM.swift; sourceTree = "<group>"; };
		B7185BB02ABC2B24002E05BC /* ProfileVMProtocols.swift */ = {isa = PBXFileReference; lastKnownFileType = sourcecode.swift; path = ProfileVMProtocols.swift; sourceTree = "<group>"; };
		B7185BB62ABC7DFC002E05BC /* HomeVMProtocols.swift */ = {isa = PBXFileReference; lastKnownFileType = sourcecode.swift; path = HomeVMProtocols.swift; sourceTree = "<group>"; };
		B73EF8FC2AB4837E0027A177 /* OpeningVC.swift */ = {isa = PBXFileReference; lastKnownFileType = sourcecode.swift; path = OpeningVC.swift; sourceTree = "<group>"; };
		B73EF8FF2AB48F8F0027A177 /* SecondSetupVC.swift */ = {isa = PBXFileReference; lastKnownFileType = sourcecode.swift; path = SecondSetupVC.swift; sourceTree = "<group>"; };
		B73EF9002AB48F8F0027A177 /* SecondSetupVC.xib */ = {isa = PBXFileReference; lastKnownFileType = file.xib; path = SecondSetupVC.xib; sourceTree = "<group>"; };
		B73EF9052AB490F80027A177 /* LastSetupVC.xib */ = {isa = PBXFileReference; lastKnownFileType = file.xib; path = LastSetupVC.xib; sourceTree = "<group>"; };
		B73EF9082AB492CA0027A177 /* LastSetupVC.swift */ = {isa = PBXFileReference; lastKnownFileType = sourcecode.swift; path = LastSetupVC.swift; sourceTree = "<group>"; };
		B74F221F2AC059820054AD27 /* DailyWaterVC.swift */ = {isa = PBXFileReference; lastKnownFileType = sourcecode.swift; path = DailyWaterVC.swift; sourceTree = "<group>"; };
		B74F22202AC059820054AD27 /* DailyWaterVC.xib */ = {isa = PBXFileReference; lastKnownFileType = file.xib; path = DailyWaterVC.xib; sourceTree = "<group>"; };
		B74F22252AC05C110054AD27 /* DailyWaterCell.swift */ = {isa = PBXFileReference; lastKnownFileType = sourcecode.swift; path = DailyWaterCell.swift; sourceTree = "<group>"; };
		B74F22272AC05C450054AD27 /* DailyWaterCell.xib */ = {isa = PBXFileReference; lastKnownFileType = file.xib; path = DailyWaterCell.xib; sourceTree = "<group>"; };
		B74F22292AC05D6C0054AD27 /* DailyWaterVM.swift */ = {isa = PBXFileReference; lastKnownFileType = sourcecode.swift; path = DailyWaterVM.swift; sourceTree = "<group>"; };
		B74F222B2AC05D730054AD27 /* DailyWaterVMProtocols.swift */ = {isa = PBXFileReference; lastKnownFileType = sourcecode.swift; path = DailyWaterVMProtocols.swift; sourceTree = "<group>"; };
		B7561F302AD5A111002A0166 /* Constants.swift */ = {isa = PBXFileReference; lastKnownFileType = sourcecode.swift; path = Constants.swift; sourceTree = "<group>"; };
		B7561F322AD5A230002A0166 /* SettingsManager.swift */ = {isa = PBXFileReference; lastKnownFileType = sourcecode.swift; path = SettingsManager.swift; sourceTree = "<group>"; };
		B7561F352AD5A2C7002A0166 /* SettingsVM.swift */ = {isa = PBXFileReference; lastKnownFileType = sourcecode.swift; path = SettingsVM.swift; sourceTree = "<group>"; };
		B758F0FF2AD6C0CB00894AF1 /* SettingsContentVC.swift */ = {isa = PBXFileReference; lastKnownFileType = sourcecode.swift; path = SettingsContentVC.swift; sourceTree = "<group>"; };
		B758F1002AD6C0CB00894AF1 /* SettingsContentVC.xib */ = {isa = PBXFileReference; lastKnownFileType = file.xib; path = SettingsContentVC.xib; sourceTree = "<group>"; };
		B758F1032AD6C19D00894AF1 /* SettingsContentVM.swift */ = {isa = PBXFileReference; lastKnownFileType = sourcecode.swift; path = SettingsContentVM.swift; sourceTree = "<group>"; };
		B7657EDD2AB044AA004300CB /* CoreDataManager.swift */ = {isa = PBXFileReference; lastKnownFileType = sourcecode.swift; path = CoreDataManager.swift; sourceTree = "<group>"; };
		B7657EE02AB044CC004300CB /* User.swift */ = {isa = PBXFileReference; lastKnownFileType = sourcecode.swift; path = User.swift; sourceTree = "<group>"; };
		B7657EE32AB04683004300CB /* ProfileVC.swift */ = {isa = PBXFileReference; lastKnownFileType = sourcecode.swift; path = ProfileVC.swift; sourceTree = "<group>"; };
		B7657EE42AB04683004300CB /* ProfileVC.xib */ = {isa = PBXFileReference; lastKnownFileType = file.xib; path = ProfileVC.xib; sourceTree = "<group>"; };
		B7657EE82AB055F6004300CB /* ProfileCell.swift */ = {isa = PBXFileReference; lastKnownFileType = sourcecode.swift; path = ProfileCell.swift; sourceTree = "<group>"; };
		B7657EEA2AB055FE004300CB /* ProfileCell.xib */ = {isa = PBXFileReference; lastKnownFileType = file.xib; path = ProfileCell.xib; sourceTree = "<group>"; };
		B7657EED2AB05822004300CB /* SettingsVC.swift */ = {isa = PBXFileReference; lastKnownFileType = sourcecode.swift; path = SettingsVC.swift; sourceTree = "<group>"; };
		B7657EEE2AB05822004300CB /* SettingsVC.xib */ = {isa = PBXFileReference; lastKnownFileType = file.xib; path = SettingsVC.xib; sourceTree = "<group>"; };
		B765DC552AC4372300DE02D8 /* LoadingVC.swift */ = {isa = PBXFileReference; lastKnownFileType = sourcecode.swift; path = LoadingVC.swift; sourceTree = "<group>"; };
		B765DC562AC4372300DE02D8 /* LoadingVC.xib */ = {isa = PBXFileReference; lastKnownFileType = file.xib; path = LoadingVC.xib; sourceTree = "<group>"; };
		B78923482ABD765F00BCF581 /* Water.swift */ = {isa = PBXFileReference; lastKnownFileType = sourcecode.swift; path = Water.swift; sourceTree = "<group>"; };
		B797E41D2AC98015002ECC2D /* StatsVC.swift */ = {isa = PBXFileReference; lastKnownFileType = sourcecode.swift; path = StatsVC.swift; sourceTree = "<group>"; };
		B797E41E2AC98015002ECC2D /* StatsVC.xib */ = {isa = PBXFileReference; lastKnownFileType = file.xib; path = StatsVC.xib; sourceTree = "<group>"; };
		B797E4222AC980D7002ECC2D /* StatsCell.swift */ = {isa = PBXFileReference; lastKnownFileType = sourcecode.swift; path = StatsCell.swift; sourceTree = "<group>"; };
		B797E4242AC980F2002ECC2D /* StatsCell.xib */ = {isa = PBXFileReference; lastKnownFileType = file.xib; path = StatsCell.xib; sourceTree = "<group>"; };
		B797E4272AC98146002ECC2D /* StatsVM.swift */ = {isa = PBXFileReference; lastKnownFileType = sourcecode.swift; path = StatsVM.swift; sourceTree = "<group>"; };
		B797E4292AC9815A002ECC2D /* StatsVMProtocols.swift */ = {isa = PBXFileReference; lastKnownFileType = sourcecode.swift; path = StatsVMProtocols.swift; sourceTree = "<group>"; };
		B7AA12D02ABAC6B8000A082A /* FirstSetupVM.swift */ = {isa = PBXFileReference; lastKnownFileType = sourcecode.swift; path = FirstSetupVM.swift; sourceTree = "<group>"; };
		B7AA12D22ABACA02000A082A /* FirstSetupVMProtocols.swift */ = {isa = PBXFileReference; lastKnownFileType = sourcecode.swift; path = FirstSetupVMProtocols.swift; sourceTree = "<group>"; };
		B7AA12D52ABAD886000A082A /* UIViewController + Extensions.swift */ = {isa = PBXFileReference; lastKnownFileType = sourcecode.swift; path = "UIViewController + Extensions.swift"; sourceTree = "<group>"; };
		B7AA12D72ABAFD4A000A082A /* SecondSetupVM.swift */ = {isa = PBXFileReference; lastKnownFileType = sourcecode.swift; path = SecondSetupVM.swift; sourceTree = "<group>"; };
		B7AA12D92ABAFD92000A082A /* SecondSetupVMProtocols.swift */ = {isa = PBXFileReference; lastKnownFileType = sourcecode.swift; path = SecondSetupVMProtocols.swift; sourceTree = "<group>"; };
		B7AA12DB2ABB0294000A082A /* LastSetupVM.swift */ = {isa = PBXFileReference; lastKnownFileType = sourcecode.swift; path = LastSetupVM.swift; sourceTree = "<group>"; };
		B7AA12DD2ABB029D000A082A /* LastSetupVMProtocols.swift */ = {isa = PBXFileReference; lastKnownFileType = sourcecode.swift; path = LastSetupVMProtocols.swift; sourceTree = "<group>"; };
		B7EA9D8C2AB2F61A00727675 /* SettingsCell.swift */ = {isa = PBXFileReference; lastKnownFileType = sourcecode.swift; path = SettingsCell.swift; sourceTree = "<group>"; };
		B7EA9D8E2AB2F62500727675 /* SettingsCell.xib */ = {isa = PBXFileReference; lastKnownFileType = file.xib; path = SettingsCell.xib; sourceTree = "<group>"; };
		B7FA19C12AC194AE00DD637F /* DailyWater.swift */ = {isa = PBXFileReference; lastKnownFileType = sourcecode.swift; path = DailyWater.swift; sourceTree = "<group>"; };
/* End PBXFileReference section */

/* Begin PBXFrameworksBuildPhase section */
		B70145B82AAF305F00BDD00B /* Frameworks */ = {
			isa = PBXFrameworksBuildPhase;
			buildActionMask = 2147483647;
			files = (
			);
			runOnlyForDeploymentPostprocessing = 0;
		};
/* End PBXFrameworksBuildPhase section */

/* Begin PBXGroup section */
		B70145B22AAF305F00BDD00B = {
			isa = PBXGroup;
			children = (
				B70145BD2AAF305F00BDD00B /* DrinkWaterApp */,
				B70145BC2AAF305F00BDD00B /* Products */,
			);
			sourceTree = "<group>";
		};
		B70145BC2AAF305F00BDD00B /* Products */ = {
			isa = PBXGroup;
			children = (
				B70145BB2AAF305F00BDD00B /* DrinkWaterApp.app */,
			);
			name = Products;
			sourceTree = "<group>";
		};
		B70145BD2AAF305F00BDD00B /* DrinkWaterApp */ = {
			isa = PBXGroup;
			children = (
				B7561F2F2AD5A0FB002A0166 /* Constants */,
				B7AA12D42ABAD86D000A082A /* Extensions */,
				B7657EDF2AB044BD004300CB /* Model */,
				B7657EDC2AB04497004300CB /* Utils */,
				B70145D72AAF312900BDD00B /* Assets */,
				B70145D62AAF312400BDD00B /* App */,
				B70145D52AAF311E00BDD00B /* UI */,
			);
			path = DrinkWaterApp;
			sourceTree = "<group>";
		};
		B70145D52AAF311E00BDD00B /* UI */ = {
			isa = PBXGroup;
			children = (
				B797E41C2AC97FFD002ECC2D /* Stats Page */,
				B74F221E2AC0595F0054AD27 /* SetDailyWater Page */,
				B7185BAB2ABC2875002E05BC /* Tab Bar */,
				B7657EEC2AB057D4004300CB /* Settings Page */,
				B7657EE22AB0466D004300CB /* Profile Page */,
				B70145E62AAF432300BDD00B /* Opening  */,
				B70145D82AAF314900BDD00B /* Home Page */,
				B70145CC2AAF306000BDD00B /* LaunchScreen.storyboard */,
			);
			path = UI;
			sourceTree = "<group>";
		};
		B70145D62AAF312400BDD00B /* App */ = {
			isa = PBXGroup;
			children = (
				B70145C72AAF305F00BDD00B /* DrinkWaterApp.xcdatamodeld */,
				B70145CF2AAF306000BDD00B /* Info.plist */,
				B70145BE2AAF305F00BDD00B /* AppDelegate.swift */,
				B70145C02AAF305F00BDD00B /* SceneDelegate.swift */,
			);
			path = App;
			sourceTree = "<group>";
		};
		B70145D72AAF312900BDD00B /* Assets */ = {
			isa = PBXGroup;
			children = (
				B7047FAB2AB4755A0032E5F5 /* Fonts */,
				B70145CA2AAF306000BDD00B /* Assets.xcassets */,
			);
			path = Assets;
			sourceTree = "<group>";
		};
		B70145D82AAF314900BDD00B /* Home Page */ = {
			isa = PBXGroup;
			children = (
				B7185BB52ABC7DEB002E05BC /* ViewModel */,
				B70145DD2AAF3D8400BDD00B /* Cell */,
				B70145D92AAF315600BDD00B /* HomeVC.swift */,
				B70145DA2AAF315600BDD00B /* HomeVC.xib */,
			);
			path = "Home Page";
			sourceTree = "<group>";
		};
		B70145DD2AAF3D8400BDD00B /* Cell */ = {
			isa = PBXGroup;
			children = (
				B70145DE2AAF3D8E00BDD00B /* HomeCell.swift */,
				B70145E02AAF3DAE00BDD00B /* HomeCell.xib */,
			);
			path = Cell;
			sourceTree = "<group>";
		};
		B70145E62AAF432300BDD00B /* Opening  */ = {
			isa = PBXGroup;
			children = (
				B765DC542AC4371000DE02D8 /* Loading Page */,
				B73EF8FB2AB482670027A177 /* Opening Page */,
				B70145F02AAF509D00BDD00B /* First Setup Page */,
				B73EF8FE2AB48F540027A177 /* Second Setup Page */,
				B73EF9032AB490CF0027A177 /* Last Setup Page */,
			);
			path = "Opening ";
			sourceTree = "<group>";
		};
		B70145F02AAF509D00BDD00B /* First Setup Page */ = {
			isa = PBXGroup;
			children = (
				B7185BB32ABC7DD4002E05BC /* ViewModel */,
				B70145F12AAF50E000BDD00B /* FirstSetupVC.swift */,
				B70145F22AAF50E000BDD00B /* FirstSetupVC.xib */,
			);
			path = "First Setup Page";
			sourceTree = "<group>";
		};
		B7047FAB2AB4755A0032E5F5 /* Fonts */ = {
			isa = PBXGroup;
			children = (
				B7047FAC2AB4757D0032E5F5 /* Poppins */,
			);
			path = Fonts;
			sourceTree = "<group>";
		};
		B7047FAC2AB4757D0032E5F5 /* Poppins */ = {
			isa = PBXGroup;
			children = (
				B7047FAD2AB4757D0032E5F5 /* Poppins-ExtraLight.ttf */,
				B7047FAE2AB4757D0032E5F5 /* Poppins-ThinItalic.ttf */,
				B7047FAF2AB4757D0032E5F5 /* Poppins-ExtraLightItalic.ttf */,
				B7047FB02AB4757D0032E5F5 /* Poppins-BoldItalic.ttf */,
				B7047FB12AB4757D0032E5F5 /* Poppins-Light.ttf */,
				B7047FB22AB4757D0032E5F5 /* Poppins-Medium.ttf */,
				B7047FB32AB4757D0032E5F5 /* Poppins-SemiBoldItalic.ttf */,
				B7047FB42AB4757D0032E5F5 /* Poppins-ExtraBoldItalic.ttf */,
				B7047FB52AB4757D0032E5F5 /* Poppins-ExtraBold.ttf */,
				B7047FB62AB4757D0032E5F5 /* Poppins-BlackItalic.ttf */,
				B7047FB72AB4757D0032E5F5 /* OFL.txt */,
				B7047FB82AB4757D0032E5F5 /* Poppins-Regular.ttf */,
				B7047FB92AB4757D0032E5F5 /* Poppins-LightItalic.ttf */,
				B7047FBA2AB4757D0032E5F5 /* Poppins-Bold.ttf */,
				B7047FBB2AB4757D0032E5F5 /* Poppins-Black.ttf */,
				B7047FBC2AB4757D0032E5F5 /* Poppins-Thin.ttf */,
				B7047FBD2AB4757D0032E5F5 /* Poppins-SemiBold.ttf */,
				B7047FBE2AB4757D0032E5F5 /* Poppins-Italic.ttf */,
				B7047FBF2AB4757D0032E5F5 /* Poppins-MediumItalic.ttf */,
			);
			path = Poppins;
			sourceTree = "<group>";
		};
		B7185BAB2ABC2875002E05BC /* Tab Bar */ = {
			isa = PBXGroup;
			children = (
				B7185BAC2ABC2883002E05BC /* TabBar.swift */,
			);
			path = "Tab Bar";
			sourceTree = "<group>";
		};
		B7185BB22ABC7DCA002E05BC /* ViewModel */ = {
			isa = PBXGroup;
			children = (
				B7AA12D92ABAFD92000A082A /* SecondSetupVMProtocols.swift */,
				B7AA12D72ABAFD4A000A082A /* SecondSetupVM.swift */,
			);
			path = ViewModel;
			sourceTree = "<group>";
		};
		B7185BB32ABC7DD4002E05BC /* ViewModel */ = {
			isa = PBXGroup;
			children = (
				B7AA12D02ABAC6B8000A082A /* FirstSetupVM.swift */,
				B7AA12D22ABACA02000A082A /* FirstSetupVMProtocols.swift */,
			);
			path = ViewModel;
			sourceTree = "<group>";
		};
		B7185BB42ABC7DDE002E05BC /* ViewModel */ = {
			isa = PBXGroup;
			children = (
				B7AA12DD2ABB029D000A082A /* LastSetupVMProtocols.swift */,
				B7AA12DB2ABB0294000A082A /* LastSetupVM.swift */,
			);
			path = ViewModel;
			sourceTree = "<group>";
		};
		B7185BB52ABC7DEB002E05BC /* ViewModel */ = {
			isa = PBXGroup;
			children = (
				B70145E42AAF42E800BDD00B /* HomeVM.swift */,
				B7185BB62ABC7DFC002E05BC /* HomeVMProtocols.swift */,
			);
			path = ViewModel;
			sourceTree = "<group>";
		};
		B73EF8FB2AB482670027A177 /* Opening Page */ = {
			isa = PBXGroup;
			children = (
				B70145E82AAF434500BDD00B /* OpeningVC.xib */,
				B73EF8FC2AB4837E0027A177 /* OpeningVC.swift */,
			);
			path = "Opening Page";
			sourceTree = "<group>";
		};
		B73EF8FE2AB48F540027A177 /* Second Setup Page */ = {
			isa = PBXGroup;
			children = (
				B7185BB22ABC7DCA002E05BC /* ViewModel */,
				B73EF8FF2AB48F8F0027A177 /* SecondSetupVC.swift */,
				B73EF9002AB48F8F0027A177 /* SecondSetupVC.xib */,
			);
			path = "Second Setup Page";
			sourceTree = "<group>";
		};
		B73EF9032AB490CF0027A177 /* Last Setup Page */ = {
			isa = PBXGroup;
			children = (
				B7185BB42ABC7DDE002E05BC /* ViewModel */,
				B73EF9052AB490F80027A177 /* LastSetupVC.xib */,
				B73EF9082AB492CA0027A177 /* LastSetupVC.swift */,
			);
			path = "Last Setup Page";
			sourceTree = "<group>";
		};
		B74F221E2AC0595F0054AD27 /* SetDailyWater Page */ = {
			isa = PBXGroup;
			children = (
				B74F22242AC059B10054AD27 /* Cell */,
				B74F22232AC059AA0054AD27 /* ViewModel */,
				B74F221F2AC059820054AD27 /* DailyWaterVC.swift */,
				B74F22202AC059820054AD27 /* DailyWaterVC.xib */,
			);
			path = "SetDailyWater Page";
			sourceTree = "<group>";
		};
		B74F22232AC059AA0054AD27 /* ViewModel */ = {
			isa = PBXGroup;
			children = (
				B74F22292AC05D6C0054AD27 /* DailyWaterVM.swift */,
				B74F222B2AC05D730054AD27 /* DailyWaterVMProtocols.swift */,
			);
			path = ViewModel;
			sourceTree = "<group>";
		};
		B74F22242AC059B10054AD27 /* Cell */ = {
			isa = PBXGroup;
			children = (
				B74F22252AC05C110054AD27 /* DailyWaterCell.swift */,
				B74F22272AC05C450054AD27 /* DailyWaterCell.xib */,
			);
			path = Cell;
			sourceTree = "<group>";
		};
		B7561F2F2AD5A0FB002A0166 /* Constants */ = {
			isa = PBXGroup;
			children = (
				B7561F302AD5A111002A0166 /* Constants.swift */,
			);
			path = Constants;
			sourceTree = "<group>";
		};
		B7561F342AD5A2BC002A0166 /* ViewModel */ = {
			isa = PBXGroup;
			children = (
				B7561F352AD5A2C7002A0166 /* SettingsVM.swift */,
				B758F1032AD6C19D00894AF1 /* SettingsContentVM.swift */,
			);
			path = ViewModel;
			sourceTree = "<group>";
		};
		B758F0FE2AD6C0B400894AF1 /* SettingsContent */ = {
			isa = PBXGroup;
			children = (
				B758F0FF2AD6C0CB00894AF1 /* SettingsContentVC.swift */,
				B758F1002AD6C0CB00894AF1 /* SettingsContentVC.xib */,
			);
			path = SettingsContent;
			sourceTree = "<group>";
		};
		B7657EDC2AB04497004300CB /* Utils */ = {
			isa = PBXGroup;
			children = (
				B7657EDD2AB044AA004300CB /* CoreDataManager.swift */,
				B7561F322AD5A230002A0166 /* SettingsManager.swift */,
			);
			path = Utils;
			sourceTree = "<group>";
		};
		B7657EDF2AB044BD004300CB /* Model */ = {
			isa = PBXGroup;
			children = (
				B7657EE02AB044CC004300CB /* User.swift */,
				B78923482ABD765F00BCF581 /* Water.swift */,
				B7FA19C12AC194AE00DD637F /* DailyWater.swift */,
			);
			path = Model;
			sourceTree = "<group>";
		};
		B7657EE22AB0466D004300CB /* Profile Page */ = {
			isa = PBXGroup;
			children = (
				B7657EE72AB055E7004300CB /* Cell */,
				B7657EE32AB04683004300CB /* ProfileVC.swift */,
				B7657EE42AB04683004300CB /* ProfileVC.xib */,
				B7185BAE2ABC2B19002E05BC /* ProfileVM.swift */,
				B7185BB02ABC2B24002E05BC /* ProfileVMProtocols.swift */,
			);
			path = "Profile Page";
			sourceTree = "<group>";
		};
		B7657EE72AB055E7004300CB /* Cell */ = {
			isa = PBXGroup;
			children = (
				B7657EE82AB055F6004300CB /* ProfileCell.swift */,
				B7657EEA2AB055FE004300CB /* ProfileCell.xib */,
			);
			path = Cell;
			sourceTree = "<group>";
		};
		B7657EEC2AB057D4004300CB /* Settings Page */ = {
			isa = PBXGroup;
			children = (
				B758F0FE2AD6C0B400894AF1 /* SettingsContent */,
				B7561F342AD5A2BC002A0166 /* ViewModel */,
				B7657EF12AB0586A004300CB /* Cell */,
				B7657EED2AB05822004300CB /* SettingsVC.swift */,
				B7657EEE2AB05822004300CB /* SettingsVC.xib */,
			);
			path = "Settings Page";
			sourceTree = "<group>";
		};
		B7657EF12AB0586A004300CB /* Cell */ = {
			isa = PBXGroup;
			children = (
				B7EA9D8C2AB2F61A00727675 /* SettingsCell.swift */,
				B7EA9D8E2AB2F62500727675 /* SettingsCell.xib */,
			);
			path = Cell;
			sourceTree = "<group>";
		};
		B765DC542AC4371000DE02D8 /* Loading Page */ = {
			isa = PBXGroup;
			children = (
				B765DC552AC4372300DE02D8 /* LoadingVC.swift */,
				B765DC562AC4372300DE02D8 /* LoadingVC.xib */,
			);
			path = "Loading Page";
			sourceTree = "<group>";
		};
		B797E41C2AC97FFD002ECC2D /* Stats Page */ = {
			isa = PBXGroup;
			children = (
				B797E4262AC98138002ECC2D /* ViewModel */,
				B797E4212AC980CD002ECC2D /* Cell */,
				B797E41D2AC98015002ECC2D /* StatsVC.swift */,
				B797E41E2AC98015002ECC2D /* StatsVC.xib */,
			);
			path = "Stats Page";
			sourceTree = "<group>";
		};
		B797E4212AC980CD002ECC2D /* Cell */ = {
			isa = PBXGroup;
			children = (
				B797E4222AC980D7002ECC2D /* StatsCell.swift */,
				B797E4242AC980F2002ECC2D /* StatsCell.xib */,
			);
			path = Cell;
			sourceTree = "<group>";
		};
		B797E4262AC98138002ECC2D /* ViewModel */ = {
			isa = PBXGroup;
			children = (
				B797E4272AC98146002ECC2D /* StatsVM.swift */,
				B797E4292AC9815A002ECC2D /* StatsVMProtocols.swift */,
			);
			path = ViewModel;
			sourceTree = "<group>";
		};
		B7AA12D42ABAD86D000A082A /* Extensions */ = {
			isa = PBXGroup;
			children = (
				B7AA12D52ABAD886000A082A /* UIViewController + Extensions.swift */,
			);
			path = Extensions;
			sourceTree = "<group>";
		};
/* End PBXGroup section */

/* Begin PBXNativeTarget section */
		B70145BA2AAF305F00BDD00B /* DrinkWaterApp */ = {
			isa = PBXNativeTarget;
			buildConfigurationList = B70145D22AAF306000BDD00B /* Build configuration list for PBXNativeTarget "DrinkWaterApp" */;
			buildPhases = (
				B70145B72AAF305F00BDD00B /* Sources */,
				B70145B82AAF305F00BDD00B /* Frameworks */,
				B70145B92AAF305F00BDD00B /* Resources */,
			);
			buildRules = (
			);
			dependencies = (
			);
			name = DrinkWaterApp;
			productName = DrinkWaterApp;
			productReference = B70145BB2AAF305F00BDD00B /* DrinkWaterApp.app */;
			productType = "com.apple.product-type.application";
		};
/* End PBXNativeTarget section */

/* Begin PBXProject section */
		B70145B32AAF305F00BDD00B /* Project object */ = {
			isa = PBXProject;
			attributes = {
				BuildIndependentTargetsInParallel = 1;
				LastSwiftUpdateCheck = 1430;
				LastUpgradeCheck = 1430;
				TargetAttributes = {
					B70145BA2AAF305F00BDD00B = {
						CreatedOnToolsVersion = 14.3.1;
					};
				};
			};
			buildConfigurationList = B70145B62AAF305F00BDD00B /* Build configuration list for PBXProject "DrinkWaterApp" */;
			compatibilityVersion = "Xcode 14.0";
			developmentRegion = en;
			hasScannedForEncodings = 0;
			knownRegions = (
				en,
				Base,
			);
			mainGroup = B70145B22AAF305F00BDD00B;
			productRefGroup = B70145BC2AAF305F00BDD00B /* Products */;
			projectDirPath = "";
			projectRoot = "";
			targets = (
				B70145BA2AAF305F00BDD00B /* DrinkWaterApp */,
			);
		};
/* End PBXProject section */

/* Begin PBXResourcesBuildPhase section */
		B70145B92AAF305F00BDD00B /* Resources */ = {
			isa = PBXResourcesBuildPhase;
			buildActionMask = 2147483647;
			files = (
				B70145EA2AAF434500BDD00B /* OpeningVC.xib in Resources */,
				B7047FCF2AB4757D0032E5F5 /* Poppins-Thin.ttf in Resources */,
				B7047FC62AB4757D0032E5F5 /* Poppins-SemiBoldItalic.ttf in Resources */,
				B7047FC42AB4757D0032E5F5 /* Poppins-Light.ttf in Resources */,
				B7657EE62AB04683004300CB /* ProfileVC.xib in Resources */,
				B7047FC72AB4757D0032E5F5 /* Poppins-ExtraBoldItalic.ttf in Resources */,
				B70145CE2AAF306000BDD00B /* LaunchScreen.storyboard in Resources */,
				B7047FCE2AB4757D0032E5F5 /* Poppins-Black.ttf in Resources */,
				B73EF9072AB490F80027A177 /* LastSetupVC.xib in Resources */,
				B74F22282AC05C450054AD27 /* DailyWaterCell.xib in Resources */,
				B70145F42AAF50E000BDD00B /* FirstSetupVC.xib in Resources */,
				B7657EF02AB05822004300CB /* SettingsVC.xib in Resources */,
				B765DC582AC4372300DE02D8 /* LoadingVC.xib in Resources */,
				B7047FC12AB4757D0032E5F5 /* Poppins-ThinItalic.ttf in Resources */,
				B7EA9D8F2AB2F62500727675 /* SettingsCell.xib in Resources */,
				B7047FC92AB4757D0032E5F5 /* Poppins-BlackItalic.ttf in Resources */,
				B7047FCC2AB4757D0032E5F5 /* Poppins-LightItalic.ttf in Resources */,
				B73EF9022AB48F8F0027A177 /* SecondSetupVC.xib in Resources */,
				B7047FC82AB4757D0032E5F5 /* Poppins-ExtraBold.ttf in Resources */,
				B797E4202AC98015002ECC2D /* StatsVC.xib in Resources */,
				B7047FCA2AB4757D0032E5F5 /* OFL.txt in Resources */,
				B70145DC2AAF315600BDD00B /* HomeVC.xib in Resources */,
				B74F22222AC059820054AD27 /* DailyWaterVC.xib in Resources */,
				B70145E12AAF3DAE00BDD00B /* HomeCell.xib in Resources */,
				B7047FD12AB4757D0032E5F5 /* Poppins-Italic.ttf in Resources */,
				B7047FCB2AB4757D0032E5F5 /* Poppins-Regular.ttf in Resources */,
				B70145CB2AAF306000BDD00B /* Assets.xcassets in Resources */,
				B7047FC22AB4757D0032E5F5 /* Poppins-ExtraLightItalic.ttf in Resources */,
				B7047FD22AB4757D0032E5F5 /* Poppins-MediumItalic.ttf in Resources */,
				B758F1022AD6C0CB00894AF1 /* SettingsContentVC.xib in Resources */,
				B7047FD02AB4757D0032E5F5 /* Poppins-SemiBold.ttf in Resources */,
				B7047FCD2AB4757D0032E5F5 /* Poppins-Bold.ttf in Resources */,
				B7657EEB2AB055FE004300CB /* ProfileCell.xib in Resources */,
				B7047FC52AB4757D0032E5F5 /* Poppins-Medium.ttf in Resources */,
				B7047FC02AB4757D0032E5F5 /* Poppins-ExtraLight.ttf in Resources */,
				B7047FC32AB4757D0032E5F5 /* Poppins-BoldItalic.ttf in Resources */,
				B797E4252AC980F2002ECC2D /* StatsCell.xib in Resources */,
			);
			runOnlyForDeploymentPostprocessing = 0;
		};
/* End PBXResourcesBuildPhase section */

/* Begin PBXSourcesBuildPhase section */
		B70145B72AAF305F00BDD00B /* Sources */ = {
			isa = PBXSourcesBuildPhase;
			buildActionMask = 2147483647;
			files = (
				B7FA19C22AC194AE00DD637F /* DailyWater.swift in Sources */,
				B70145BF2AAF305F00BDD00B /* AppDelegate.swift in Sources */,
				B70145DB2AAF315600BDD00B /* HomeVC.swift in Sources */,
				B797E4282AC98146002ECC2D /* StatsVM.swift in Sources */,
				B73EF8FD2AB4837E0027A177 /* OpeningVC.swift in Sources */,
				B758F1012AD6C0CB00894AF1 /* SettingsContentVC.swift in Sources */,
				B7185BAD2ABC2883002E05BC /* TabBar.swift in Sources */,
				B70145C92AAF305F00BDD00B /* DrinkWaterApp.xcdatamodeld in Sources */,
				B7561F312AD5A111002A0166 /* Constants.swift in Sources */,
				B7657EE12AB044CC004300CB /* User.swift in Sources */,
				B70145E52AAF42E800BDD00B /* HomeVM.swift in Sources */,
				B797E4232AC980D7002ECC2D /* StatsCell.swift in Sources */,
				B74F222A2AC05D6C0054AD27 /* DailyWaterVM.swift in Sources */,
				B7AA12D82ABAFD4A000A082A /* SecondSetupVM.swift in Sources */,
				B765DC572AC4372300DE02D8 /* LoadingVC.swift in Sources */,
				B7185BB12ABC2B24002E05BC /* ProfileVMProtocols.swift in Sources */,
				B74F222C2AC05D730054AD27 /* DailyWaterVMProtocols.swift in Sources */,
				B7AA12DA2ABAFD92000A082A /* SecondSetupVMProtocols.swift in Sources */,
				B7561F332AD5A230002A0166 /* SettingsManager.swift in Sources */,
				B7AA12DC2ABB0294000A082A /* LastSetupVM.swift in Sources */,
				B78923492ABD765F00BCF581 /* Water.swift in Sources */,
				B7185BAF2ABC2B19002E05BC /* ProfileVM.swift in Sources */,
				B74F22212AC059820054AD27 /* DailyWaterVC.swift in Sources */,
				B70145C12AAF305F00BDD00B /* SceneDelegate.swift in Sources */,
				B7657EE52AB04683004300CB /* ProfileVC.swift in Sources */,
				B73EF9012AB48F8F0027A177 /* SecondSetupVC.swift in Sources */,
				B7185BB72ABC7DFC002E05BC /* HomeVMProtocols.swift in Sources */,
				B7AA12DE2ABB029D000A082A /* LastSetupVMProtocols.swift in Sources */,
				B74F22262AC05C110054AD27 /* DailyWaterCell.swift in Sources */,
				B797E42A2AC9815A002ECC2D /* StatsVMProtocols.swift in Sources */,
				B7AA12D32ABACA02000A082A /* FirstSetupVMProtocols.swift in Sources */,
				B758F1042AD6C19D00894AF1 /* SettingsContentVM.swift in Sources */,
				B797E41F2AC98015002ECC2D /* StatsVC.swift in Sources */,
				B7AA12D12ABAC6B8000A082A /* FirstSetupVM.swift in Sources */,
				B7AA12D62ABAD886000A082A /* UIViewController + Extensions.swift in Sources */,
				B70145DF2AAF3D8E00BDD00B /* HomeCell.swift in Sources */,
				B73EF9092AB492CA0027A177 /* LastSetupVC.swift in Sources */,
				B70145F32AAF50E000BDD00B /* FirstSetupVC.swift in Sources */,
				B7657EDE2AB044AA004300CB /* CoreDataManager.swift in Sources */,
				B7657EE92AB055F6004300CB /* ProfileCell.swift in Sources */,
				B7EA9D8D2AB2F61A00727675 /* SettingsCell.swift in Sources */,
				B7657EEF2AB05822004300CB /* SettingsVC.swift in Sources */,
				B7561F362AD5A2C7002A0166 /* SettingsVM.swift in Sources */,
			);
			runOnlyForDeploymentPostprocessing = 0;
		};
/* End PBXSourcesBuildPhase section */

/* Begin PBXVariantGroup section */
		B70145CC2AAF306000BDD00B /* LaunchScreen.storyboard */ = {
			isa = PBXVariantGroup;
			children = (
				B70145CD2AAF306000BDD00B /* Base */,
			);
			name = LaunchScreen.storyboard;
			sourceTree = "<group>";
		};
/* End PBXVariantGroup section */

/* Begin XCBuildConfiguration section */
		B70145D02AAF306000BDD00B /* Debug */ = {
			isa = XCBuildConfiguration;
			buildSettings = {
				ALWAYS_SEARCH_USER_PATHS = NO;
				CLANG_ANALYZER_NONNULL = YES;
				CLANG_ANALYZER_NUMBER_OBJECT_CONVERSION = YES_AGGRESSIVE;
				CLANG_CXX_LANGUAGE_STANDARD = "gnu++20";
				CLANG_ENABLE_MODULES = YES;
				CLANG_ENABLE_OBJC_ARC = YES;
				CLANG_ENABLE_OBJC_WEAK = YES;
				CLANG_WARN_BLOCK_CAPTURE_AUTORELEASING = YES;
				CLANG_WARN_BOOL_CONVERSION = YES;
				CLANG_WARN_COMMA = YES;
				CLANG_WARN_CONSTANT_CONVERSION = YES;
				CLANG_WARN_DEPRECATED_OBJC_IMPLEMENTATIONS = YES;
				CLANG_WARN_DIRECT_OBJC_ISA_USAGE = YES_ERROR;
				CLANG_WARN_DOCUMENTATION_COMMENTS = YES;
				CLANG_WARN_EMPTY_BODY = YES;
				CLANG_WARN_ENUM_CONVERSION = YES;
				CLANG_WARN_INFINITE_RECURSION = YES;
				CLANG_WARN_INT_CONVERSION = YES;
				CLANG_WARN_NON_LITERAL_NULL_CONVERSION = YES;
				CLANG_WARN_OBJC_IMPLICIT_RETAIN_SELF = YES;
				CLANG_WARN_OBJC_LITERAL_CONVERSION = YES;
				CLANG_WARN_OBJC_ROOT_CLASS = YES_ERROR;
				CLANG_WARN_QUOTED_INCLUDE_IN_FRAMEWORK_HEADER = YES;
				CLANG_WARN_RANGE_LOOP_ANALYSIS = YES;
				CLANG_WARN_STRICT_PROTOTYPES = YES;
				CLANG_WARN_SUSPICIOUS_MOVE = YES;
				CLANG_WARN_UNGUARDED_AVAILABILITY = YES_AGGRESSIVE;
				CLANG_WARN_UNREACHABLE_CODE = YES;
				CLANG_WARN__DUPLICATE_METHOD_MATCH = YES;
				COPY_PHASE_STRIP = NO;
				DEBUG_INFORMATION_FORMAT = dwarf;
				ENABLE_STRICT_OBJC_MSGSEND = YES;
				ENABLE_TESTABILITY = YES;
				GCC_C_LANGUAGE_STANDARD = gnu11;
				GCC_DYNAMIC_NO_PIC = NO;
				GCC_NO_COMMON_BLOCKS = YES;
				GCC_OPTIMIZATION_LEVEL = 0;
				GCC_PREPROCESSOR_DEFINITIONS = (
					"DEBUG=1",
					"$(inherited)",
				);
				GCC_WARN_64_TO_32_BIT_CONVERSION = YES;
				GCC_WARN_ABOUT_RETURN_TYPE = YES_ERROR;
				GCC_WARN_UNDECLARED_SELECTOR = YES;
				GCC_WARN_UNINITIALIZED_AUTOS = YES_AGGRESSIVE;
				GCC_WARN_UNUSED_FUNCTION = YES;
				GCC_WARN_UNUSED_VARIABLE = YES;
				IPHONEOS_DEPLOYMENT_TARGET = 16.4;
				MTL_ENABLE_DEBUG_INFO = INCLUDE_SOURCE;
				MTL_FAST_MATH = YES;
				ONLY_ACTIVE_ARCH = YES;
				SDKROOT = iphoneos;
				SWIFT_ACTIVE_COMPILATION_CONDITIONS = DEBUG;
				SWIFT_OPTIMIZATION_LEVEL = "-Onone";
			};
			name = Debug;
		};
		B70145D12AAF306000BDD00B /* Release */ = {
			isa = XCBuildConfiguration;
			buildSettings = {
				ALWAYS_SEARCH_USER_PATHS = NO;
				CLANG_ANALYZER_NONNULL = YES;
				CLANG_ANALYZER_NUMBER_OBJECT_CONVERSION = YES_AGGRESSIVE;
				CLANG_CXX_LANGUAGE_STANDARD = "gnu++20";
				CLANG_ENABLE_MODULES = YES;
				CLANG_ENABLE_OBJC_ARC = YES;
				CLANG_ENABLE_OBJC_WEAK = YES;
				CLANG_WARN_BLOCK_CAPTURE_AUTORELEASING = YES;
				CLANG_WARN_BOOL_CONVERSION = YES;
				CLANG_WARN_COMMA = YES;
				CLANG_WARN_CONSTANT_CONVERSION = YES;
				CLANG_WARN_DEPRECATED_OBJC_IMPLEMENTATIONS = YES;
				CLANG_WARN_DIRECT_OBJC_ISA_USAGE = YES_ERROR;
				CLANG_WARN_DOCUMENTATION_COMMENTS = YES;
				CLANG_WARN_EMPTY_BODY = YES;
				CLANG_WARN_ENUM_CONVERSION = YES;
				CLANG_WARN_INFINITE_RECURSION = YES;
				CLANG_WARN_INT_CONVERSION = YES;
				CLANG_WARN_NON_LITERAL_NULL_CONVERSION = YES;
				CLANG_WARN_OBJC_IMPLICIT_RETAIN_SELF = YES;
				CLANG_WARN_OBJC_LITERAL_CONVERSION = YES;
				CLANG_WARN_OBJC_ROOT_CLASS = YES_ERROR;
				CLANG_WARN_QUOTED_INCLUDE_IN_FRAMEWORK_HEADER = YES;
				CLANG_WARN_RANGE_LOOP_ANALYSIS = YES;
				CLANG_WARN_STRICT_PROTOTYPES = YES;
				CLANG_WARN_SUSPICIOUS_MOVE = YES;
				CLANG_WARN_UNGUARDED_AVAILABILITY = YES_AGGRESSIVE;
				CLANG_WARN_UNREACHABLE_CODE = YES;
				CLANG_WARN__DUPLICATE_METHOD_MATCH = YES;
				COPY_PHASE_STRIP = NO;
				DEBUG_INFORMATION_FORMAT = "dwarf-with-dsym";
				ENABLE_NS_ASSERTIONS = NO;
				ENABLE_STRICT_OBJC_MSGSEND = YES;
				GCC_C_LANGUAGE_STANDARD = gnu11;
				GCC_NO_COMMON_BLOCKS = YES;
				GCC_WARN_64_TO_32_BIT_CONVERSION = YES;
				GCC_WARN_ABOUT_RETURN_TYPE = YES_ERROR;
				GCC_WARN_UNDECLARED_SELECTOR = YES;
				GCC_WARN_UNINITIALIZED_AUTOS = YES_AGGRESSIVE;
				GCC_WARN_UNUSED_FUNCTION = YES;
				GCC_WARN_UNUSED_VARIABLE = YES;
				IPHONEOS_DEPLOYMENT_TARGET = 16.4;
				MTL_ENABLE_DEBUG_INFO = NO;
				MTL_FAST_MATH = YES;
				SDKROOT = iphoneos;
				SWIFT_COMPILATION_MODE = wholemodule;
				SWIFT_OPTIMIZATION_LEVEL = "-O";
				VALIDATE_PRODUCT = YES;
			};
			name = Release;
		};
		B70145D32AAF306000BDD00B /* Debug */ = {
			isa = XCBuildConfiguration;
			buildSettings = {
				ASSETCATALOG_COMPILER_APPICON_NAME = AppIcon;
				ASSETCATALOG_COMPILER_GLOBAL_ACCENT_COLOR_NAME = AccentColor;
				CODE_SIGN_STYLE = Automatic;
				CURRENT_PROJECT_VERSION = 1;
				DEVELOPMENT_TEAM = L24C9CN3G6;
				GENERATE_INFOPLIST_FILE = YES;
				INFOPLIST_FILE = DrinkWaterApp/App/Info.plist;
				INFOPLIST_KEY_UIApplicationSupportsIndirectInputEvents = YES;
				INFOPLIST_KEY_UILaunchStoryboardName = LaunchScreen;
				INFOPLIST_KEY_UIMainStoryboardFile = "";
				INFOPLIST_KEY_UISupportedInterfaceOrientations_iPad = "UIInterfaceOrientationPortrait UIInterfaceOrientationPortraitUpsideDown UIInterfaceOrientationLandscapeLeft UIInterfaceOrientationLandscapeRight";
				INFOPLIST_KEY_UISupportedInterfaceOrientations_iPhone = "UIInterfaceOrientationPortrait UIInterfaceOrientationLandscapeLeft UIInterfaceOrientationLandscapeRight";
				LD_RUNPATH_SEARCH_PATHS = (
					"$(inherited)",
					"@executable_path/Frameworks",
				);
				MARKETING_VERSION = 1.0;
				PRODUCT_BUNDLE_IDENTIFIER = HakanAdanur.DrinkWaterApp;
				PRODUCT_NAME = "$(TARGET_NAME)";
				SWIFT_EMIT_LOC_STRINGS = YES;
				SWIFT_VERSION = 5.0;
				TARGETED_DEVICE_FAMILY = "1,2";
			};
			name = Debug;
		};
		B70145D42AAF306000BDD00B /* Release */ = {
			isa = XCBuildConfiguration;
			buildSettings = {
				ASSETCATALOG_COMPILER_APPICON_NAME = AppIcon;
				ASSETCATALOG_COMPILER_GLOBAL_ACCENT_COLOR_NAME = AccentColor;
				CODE_SIGN_STYLE = Automatic;
				CURRENT_PROJECT_VERSION = 1;
				DEVELOPMENT_TEAM = L24C9CN3G6;
				GENERATE_INFOPLIST_FILE = YES;
				INFOPLIST_FILE = DrinkWaterApp/App/Info.plist;
				INFOPLIST_KEY_UIApplicationSupportsIndirectInputEvents = YES;
				INFOPLIST_KEY_UILaunchStoryboardName = LaunchScreen;
				INFOPLIST_KEY_UIMainStoryboardFile = "";
				INFOPLIST_KEY_UISupportedInterfaceOrientations_iPad = "UIInterfaceOrientationPortrait UIInterfaceOrientationPortraitUpsideDown UIInterfaceOrientationLandscapeLeft UIInterfaceOrientationLandscapeRight";
				INFOPLIST_KEY_UISupportedInterfaceOrientations_iPhone = "UIInterfaceOrientationPortrait UIInterfaceOrientationLandscapeLeft UIInterfaceOrientationLandscapeRight";
				LD_RUNPATH_SEARCH_PATHS = (
					"$(inherited)",
					"@executable_path/Frameworks",
				);
				MARKETING_VERSION = 1.0;
				PRODUCT_BUNDLE_IDENTIFIER = HakanAdanur.DrinkWaterApp;
				PRODUCT_NAME = "$(TARGET_NAME)";
				SWIFT_EMIT_LOC_STRINGS = YES;
				SWIFT_VERSION = 5.0;
				TARGETED_DEVICE_FAMILY = "1,2";
			};
			name = Release;
		};
/* End XCBuildConfiguration section */

/* Begin XCConfigurationList section */
		B70145B62AAF305F00BDD00B /* Build configuration list for PBXProject "DrinkWaterApp" */ = {
			isa = XCConfigurationList;
			buildConfigurations = (
				B70145D02AAF306000BDD00B /* Debug */,
				B70145D12AAF306000BDD00B /* Release */,
			);
			defaultConfigurationIsVisible = 0;
			defaultConfigurationName = Release;
		};
		B70145D22AAF306000BDD00B /* Build configuration list for PBXNativeTarget "DrinkWaterApp" */ = {
			isa = XCConfigurationList;
			buildConfigurations = (
				B70145D32AAF306000BDD00B /* Debug */,
				B70145D42AAF306000BDD00B /* Release */,
			);
			defaultConfigurationIsVisible = 0;
			defaultConfigurationName = Release;
		};
/* End XCConfigurationList section */

/* Begin XCVersionGroup section */
		B70145C72AAF305F00BDD00B /* DrinkWaterApp.xcdatamodeld */ = {
			isa = XCVersionGroup;
			children = (
				B70145C82AAF305F00BDD00B /* DrinkWaterApp.xcdatamodel */,
			);
			currentVersion = B70145C82AAF305F00BDD00B /* DrinkWaterApp.xcdatamodel */;
			path = DrinkWaterApp.xcdatamodeld;
			sourceTree = "<group>";
			versionGroupType = wrapper.xcdatamodel;
		};
/* End XCVersionGroup section */
	};
	rootObject = B70145B32AAF305F00BDD00B /* Project object */;
}
